// !$*UTF8*$!
{
	archiveVersion = 1;
	classes = {
	};
	objectVersion = 55;
	objects = {

/* Begin PBXBuildFile section */
		52762FB395D1AFEE46437F7F /* Pods_ObjcProvingground.framework in Frameworks */ = {isa = PBXBuildFile; fileRef = 02A52E5B872A0B8FF6504253 /* Pods_ObjcProvingground.framework */; };
		8C16CD16EE5D08AFC7034E8B /* Pods_ObjcProvingground_ObjcProvinggroundUITests.framework in Frameworks */ = {isa = PBXBuildFile; fileRef = 90F8F7A829508E7682514C99 /* Pods_ObjcProvingground_ObjcProvinggroundUITests.framework */; };
		D2034FB72AF3775B00B4444C /* SIMSwitchLocationContentViewController.m in Sources */ = {isa = PBXBuildFile; fileRef = D2034FB62AF3775B00B4444C /* SIMSwitchLocationContentViewController.m */; };
		D21763DE288901EF004A399E /* AppDelegate.m in Sources */ = {isa = PBXBuildFile; fileRef = D21763DD288901EF004A399E /* AppDelegate.m */; };
		D21763E1288901EF004A399E /* SceneDelegate.m in Sources */ = {isa = PBXBuildFile; fileRef = D21763E0288901EF004A399E /* SceneDelegate.m */; };
		D21763E4288901EF004A399E /* ViewController.m in Sources */ = {isa = PBXBuildFile; fileRef = D21763E3288901EF004A399E /* ViewController.m */; };
		D21763E7288901EF004A399E /* Main.storyboard in Resources */ = {isa = PBXBuildFile; fileRef = D21763E5288901EF004A399E /* Main.storyboard */; };
		D21763EA288901EF004A399E /* ObjcProvingground.xcdatamodeld in Sources */ = {isa = PBXBuildFile; fileRef = D21763E8288901EF004A399E /* ObjcProvingground.xcdatamodeld */; };
		D21763EC288901F0004A399E /* Assets.xcassets in Resources */ = {isa = PBXBuildFile; fileRef = D21763EB288901F0004A399E /* Assets.xcassets */; };
		D21763EF288901F0004A399E /* LaunchScreen.storyboard in Resources */ = {isa = PBXBuildFile; fileRef = D21763ED288901F0004A399E /* LaunchScreen.storyboard */; };
		D21763F2288901F0004A399E /* main.m in Sources */ = {isa = PBXBuildFile; fileRef = D21763F1288901F0004A399E /* main.m */; };
		D21763FC288901F0004A399E /* ObjcProvinggroundTests.m in Sources */ = {isa = PBXBuildFile; fileRef = D21763FB288901F0004A399E /* ObjcProvinggroundTests.m */; };
		D2176406288901F0004A399E /* ObjcProvinggroundUITests.m in Sources */ = {isa = PBXBuildFile; fileRef = D2176405288901F0004A399E /* ObjcProvinggroundUITests.m */; };
		D2176408288901F0004A399E /* ObjcProvinggroundUITestsLaunchTests.m in Sources */ = {isa = PBXBuildFile; fileRef = D2176407288901F0004A399E /* ObjcProvinggroundUITestsLaunchTests.m */; };
		D258B36D2AFB5FE300A52469 /* YYxTransferBankVC.m in Sources */ = {isa = PBXBuildFile; fileRef = D258B36C2AFB5FE300A52469 /* YYxTransferBankVC.m */; };
		D258B3BC2AFB621100A52469 /* NSCalendar+ZIKTheDayBeforeYesterDay.m in Sources */ = {isa = PBXBuildFile; fileRef = D258B36F2AFB621100A52469 /* NSCalendar+ZIKTheDayBeforeYesterDay.m */; };
		D258B3BD2AFB621100A52469 /* NSCalendar+ZIKTheDayBeforeYesterDay.m in Sources */ = {isa = PBXBuildFile; fileRef = D258B36F2AFB621100A52469 /* NSCalendar+ZIKTheDayBeforeYesterDay.m */; };
		D258B3BE2AFB621100A52469 /* NSCalendar+ZIKTheDayBeforeYesterDay.m in Sources */ = {isa = PBXBuildFile; fileRef = D258B36F2AFB621100A52469 /* NSCalendar+ZIKTheDayBeforeYesterDay.m */; };
		D258B3BF2AFB621100A52469 /* UILabel+LCreate.m in Sources */ = {isa = PBXBuildFile; fileRef = D258B3702AFB621100A52469 /* UILabel+LCreate.m */; };
		D258B3C02AFB621100A52469 /* UILabel+LCreate.m in Sources */ = {isa = PBXBuildFile; fileRef = D258B3702AFB621100A52469 /* UILabel+LCreate.m */; };
		D258B3C12AFB621100A52469 /* UILabel+LCreate.m in Sources */ = {isa = PBXBuildFile; fileRef = D258B3702AFB621100A52469 /* UILabel+LCreate.m */; };
		D258B3C22AFB621100A52469 /* UIButton+ZIKEnlargeTouchArea.m in Sources */ = {isa = PBXBuildFile; fileRef = D258B3742AFB621100A52469 /* UIButton+ZIKEnlargeTouchArea.m */; };
		D258B3C32AFB621100A52469 /* UIButton+ZIKEnlargeTouchArea.m in Sources */ = {isa = PBXBuildFile; fileRef = D258B3742AFB621100A52469 /* UIButton+ZIKEnlargeTouchArea.m */; };
		D258B3C42AFB621100A52469 /* UIButton+ZIKEnlargeTouchArea.m in Sources */ = {isa = PBXBuildFile; fileRef = D258B3742AFB621100A52469 /* UIButton+ZIKEnlargeTouchArea.m */; };
		D258B3C52AFB621100A52469 /* UIImage+FlatUI.m in Sources */ = {isa = PBXBuildFile; fileRef = D258B3752AFB621100A52469 /* UIImage+FlatUI.m */; };
		D258B3C62AFB621100A52469 /* UIImage+FlatUI.m in Sources */ = {isa = PBXBuildFile; fileRef = D258B3752AFB621100A52469 /* UIImage+FlatUI.m */; };
		D258B3C72AFB621100A52469 /* UIImage+FlatUI.m in Sources */ = {isa = PBXBuildFile; fileRef = D258B3752AFB621100A52469 /* UIImage+FlatUI.m */; };
		D258B3CB2AFB621100A52469 /* UIView+Border.m in Sources */ = {isa = PBXBuildFile; fileRef = D258B37A2AFB621100A52469 /* UIView+Border.m */; };
		D258B3CC2AFB621100A52469 /* UIView+Border.m in Sources */ = {isa = PBXBuildFile; fileRef = D258B37A2AFB621100A52469 /* UIView+Border.m */; };
		D258B3CD2AFB621100A52469 /* UIView+Border.m in Sources */ = {isa = PBXBuildFile; fileRef = D258B37A2AFB621100A52469 /* UIView+Border.m */; };
		D258B3D12AFB621100A52469 /* UIView+Frame.m in Sources */ = {isa = PBXBuildFile; fileRef = D258B37C2AFB621100A52469 /* UIView+Frame.m */; };
		D258B3D22AFB621100A52469 /* UIView+Frame.m in Sources */ = {isa = PBXBuildFile; fileRef = D258B37C2AFB621100A52469 /* UIView+Frame.m */; };
		D258B3D32AFB621100A52469 /* UIView+Frame.m in Sources */ = {isa = PBXBuildFile; fileRef = D258B37C2AFB621100A52469 /* UIView+Frame.m */; };
		D258B3D42AFB621100A52469 /* UIAlertController+Autorotate.m in Sources */ = {isa = PBXBuildFile; fileRef = D258B3802AFB621100A52469 /* UIAlertController+Autorotate.m */; };
		D258B3D52AFB621100A52469 /* UIAlertController+Autorotate.m in Sources */ = {isa = PBXBuildFile; fileRef = D258B3802AFB621100A52469 /* UIAlertController+Autorotate.m */; };
		D258B3D62AFB621100A52469 /* UIAlertController+Autorotate.m in Sources */ = {isa = PBXBuildFile; fileRef = D258B3802AFB621100A52469 /* UIAlertController+Autorotate.m */; };
		D258B3D72AFB621100A52469 /* UIScrollView+TZGestureRecognizer.m in Sources */ = {isa = PBXBuildFile; fileRef = D258B3832AFB621100A52469 /* UIScrollView+TZGestureRecognizer.m */; };
		D258B3D82AFB621100A52469 /* UIScrollView+TZGestureRecognizer.m in Sources */ = {isa = PBXBuildFile; fileRef = D258B3832AFB621100A52469 /* UIScrollView+TZGestureRecognizer.m */; };
		D258B3D92AFB621100A52469 /* UIScrollView+TZGestureRecognizer.m in Sources */ = {isa = PBXBuildFile; fileRef = D258B3832AFB621100A52469 /* UIScrollView+TZGestureRecognizer.m */; };
		D258B3DA2AFB621100A52469 /* UITextField+LCreate.m in Sources */ = {isa = PBXBuildFile; fileRef = D258B3842AFB621100A52469 /* UITextField+LCreate.m */; };
		D258B3DB2AFB621100A52469 /* UITextField+LCreate.m in Sources */ = {isa = PBXBuildFile; fileRef = D258B3842AFB621100A52469 /* UITextField+LCreate.m */; };
		D258B3DC2AFB621100A52469 /* UITextField+LCreate.m in Sources */ = {isa = PBXBuildFile; fileRef = D258B3842AFB621100A52469 /* UITextField+LCreate.m */; };
		D258B3DD2AFB621100A52469 /* UIImage+Extension.m in Sources */ = {isa = PBXBuildFile; fileRef = D258B3862AFB621100A52469 /* UIImage+Extension.m */; };
		D258B3DE2AFB621100A52469 /* UIImage+Extension.m in Sources */ = {isa = PBXBuildFile; fileRef = D258B3862AFB621100A52469 /* UIImage+Extension.m */; };
		D258B3DF2AFB621100A52469 /* UIImage+Extension.m in Sources */ = {isa = PBXBuildFile; fileRef = D258B3862AFB621100A52469 /* UIImage+Extension.m */; };
		D258B3E02AFB621100A52469 /* NSData+SIMKit.m in Sources */ = {isa = PBXBuildFile; fileRef = D258B3872AFB621100A52469 /* NSData+SIMKit.m */; };
		D258B3E12AFB621100A52469 /* NSData+SIMKit.m in Sources */ = {isa = PBXBuildFile; fileRef = D258B3872AFB621100A52469 /* NSData+SIMKit.m */; };
		D258B3E22AFB621100A52469 /* NSData+SIMKit.m in Sources */ = {isa = PBXBuildFile; fileRef = D258B3872AFB621100A52469 /* NSData+SIMKit.m */; };
		D258B3E32AFB621100A52469 /* UIView+CustomCorner.m in Sources */ = {isa = PBXBuildFile; fileRef = D258B38A2AFB621100A52469 /* UIView+CustomCorner.m */; };
		D258B3E42AFB621100A52469 /* UIView+CustomCorner.m in Sources */ = {isa = PBXBuildFile; fileRef = D258B38A2AFB621100A52469 /* UIView+CustomCorner.m */; };
		D258B3E52AFB621100A52469 /* UIView+CustomCorner.m in Sources */ = {isa = PBXBuildFile; fileRef = D258B38A2AFB621100A52469 /* UIView+CustomCorner.m */; };
		D258B3E62AFB621100A52469 /* UIViewController+Pop.swift in Sources */ = {isa = PBXBuildFile; fileRef = D258B38C2AFB621100A52469 /* UIViewController+Pop.swift */; };
		D258B3E72AFB621100A52469 /* UIViewController+Pop.swift in Sources */ = {isa = PBXBuildFile; fileRef = D258B38C2AFB621100A52469 /* UIViewController+Pop.swift */; };
		D258B3E82AFB621100A52469 /* UIViewController+Pop.swift in Sources */ = {isa = PBXBuildFile; fileRef = D258B38C2AFB621100A52469 /* UIViewController+Pop.swift */; };
		D258B3E92AFB621100A52469 /* UIImage+GradientColor.swift in Sources */ = {isa = PBXBuildFile; fileRef = D258B3902AFB621100A52469 /* UIImage+GradientColor.swift */; };
		D258B3EA2AFB621100A52469 /* UIImage+GradientColor.swift in Sources */ = {isa = PBXBuildFile; fileRef = D258B3902AFB621100A52469 /* UIImage+GradientColor.swift */; };
		D258B3EB2AFB621100A52469 /* UIImage+GradientColor.swift in Sources */ = {isa = PBXBuildFile; fileRef = D258B3902AFB621100A52469 /* UIImage+GradientColor.swift */; };
		D258B3EC2AFB621100A52469 /* NSString+SIMKit.m in Sources */ = {isa = PBXBuildFile; fileRef = D258B3962AFB621100A52469 /* NSString+SIMKit.m */; };
		D258B3ED2AFB621100A52469 /* NSString+SIMKit.m in Sources */ = {isa = PBXBuildFile; fileRef = D258B3962AFB621100A52469 /* NSString+SIMKit.m */; };
		D258B3EE2AFB621100A52469 /* NSString+SIMKit.m in Sources */ = {isa = PBXBuildFile; fileRef = D258B3962AFB621100A52469 /* NSString+SIMKit.m */; };
		D258B3EF2AFB621100A52469 /* UIButton+LCreate.m in Sources */ = {isa = PBXBuildFile; fileRef = D258B3972AFB621100A52469 /* UIButton+LCreate.m */; };
		D258B3F02AFB621100A52469 /* UIButton+LCreate.m in Sources */ = {isa = PBXBuildFile; fileRef = D258B3972AFB621100A52469 /* UIButton+LCreate.m */; };
		D258B3F12AFB621100A52469 /* UIButton+LCreate.m in Sources */ = {isa = PBXBuildFile; fileRef = D258B3972AFB621100A52469 /* UIButton+LCreate.m */; };
		D258B3F52AFB621100A52469 /* NSJSONSerialization+SIMSpecialCharacters.m in Sources */ = {isa = PBXBuildFile; fileRef = D258B39C2AFB621100A52469 /* NSJSONSerialization+SIMSpecialCharacters.m */; };
		D258B3F62AFB621100A52469 /* NSJSONSerialization+SIMSpecialCharacters.m in Sources */ = {isa = PBXBuildFile; fileRef = D258B39C2AFB621100A52469 /* NSJSONSerialization+SIMSpecialCharacters.m */; };
		D258B3F72AFB621100A52469 /* NSJSONSerialization+SIMSpecialCharacters.m in Sources */ = {isa = PBXBuildFile; fileRef = D258B39C2AFB621100A52469 /* NSJSONSerialization+SIMSpecialCharacters.m */; };
		D258B3F82AFB621100A52469 /* NSString+Extension.m in Sources */ = {isa = PBXBuildFile; fileRef = D258B39E2AFB621100A52469 /* NSString+Extension.m */; };
		D258B3F92AFB621100A52469 /* NSString+Extension.m in Sources */ = {isa = PBXBuildFile; fileRef = D258B39E2AFB621100A52469 /* NSString+Extension.m */; };
		D258B3FA2AFB621100A52469 /* NSString+Extension.m in Sources */ = {isa = PBXBuildFile; fileRef = D258B39E2AFB621100A52469 /* NSString+Extension.m */; };
		D258B3FB2AFB621100A52469 /* NSString+Date.m in Sources */ = {isa = PBXBuildFile; fileRef = D258B3A02AFB621100A52469 /* NSString+Date.m */; };
		D258B3FC2AFB621100A52469 /* NSString+Date.m in Sources */ = {isa = PBXBuildFile; fileRef = D258B3A02AFB621100A52469 /* NSString+Date.m */; };
		D258B3FD2AFB621100A52469 /* NSString+Date.m in Sources */ = {isa = PBXBuildFile; fileRef = D258B3A02AFB621100A52469 /* NSString+Date.m */; };
		D258B3FE2AFB621100A52469 /* UILabelAdditions.m in Sources */ = {isa = PBXBuildFile; fileRef = D258B3A32AFB621100A52469 /* UILabelAdditions.m */; };
		D258B3FF2AFB621100A52469 /* UILabelAdditions.m in Sources */ = {isa = PBXBuildFile; fileRef = D258B3A32AFB621100A52469 /* UILabelAdditions.m */; };
		D258B4002AFB621100A52469 /* UILabelAdditions.m in Sources */ = {isa = PBXBuildFile; fileRef = D258B3A32AFB621100A52469 /* UILabelAdditions.m */; };
		D258B4012AFB621100A52469 /* NSDate+Extention.m in Sources */ = {isa = PBXBuildFile; fileRef = D258B3A42AFB621100A52469 /* NSDate+Extention.m */; };
		D258B4022AFB621100A52469 /* NSDate+Extention.m in Sources */ = {isa = PBXBuildFile; fileRef = D258B3A42AFB621100A52469 /* NSDate+Extention.m */; };
		D258B4032AFB621100A52469 /* NSDate+Extention.m in Sources */ = {isa = PBXBuildFile; fileRef = D258B3A42AFB621100A52469 /* NSDate+Extention.m */; };
		D258B4042AFB621100A52469 /* NSString+md5.m in Sources */ = {isa = PBXBuildFile; fileRef = D258B3A72AFB621100A52469 /* NSString+md5.m */; };
		D258B4052AFB621100A52469 /* NSString+md5.m in Sources */ = {isa = PBXBuildFile; fileRef = D258B3A72AFB621100A52469 /* NSString+md5.m */; };
		D258B4062AFB621100A52469 /* NSString+md5.m in Sources */ = {isa = PBXBuildFile; fileRef = D258B3A72AFB621100A52469 /* NSString+md5.m */; };
		D258B4072AFB621100A52469 /* UIViewController+LNavigationBarHidden.m in Sources */ = {isa = PBXBuildFile; fileRef = D258B3A92AFB621100A52469 /* UIViewController+LNavigationBarHidden.m */; };
		D258B4082AFB621100A52469 /* UIViewController+LNavigationBarHidden.m in Sources */ = {isa = PBXBuildFile; fileRef = D258B3A92AFB621100A52469 /* UIViewController+LNavigationBarHidden.m */; };
		D258B4092AFB621100A52469 /* UIViewController+LNavigationBarHidden.m in Sources */ = {isa = PBXBuildFile; fileRef = D258B3A92AFB621100A52469 /* UIViewController+LNavigationBarHidden.m */; };
		D258B40A2AFB621100A52469 /* UIImage+SIMResize.m in Sources */ = {isa = PBXBuildFile; fileRef = D258B3AC2AFB621100A52469 /* UIImage+SIMResize.m */; };
		D258B40B2AFB621100A52469 /* UIImage+SIMResize.m in Sources */ = {isa = PBXBuildFile; fileRef = D258B3AC2AFB621100A52469 /* UIImage+SIMResize.m */; };
		D258B40C2AFB621100A52469 /* UIImage+SIMResize.m in Sources */ = {isa = PBXBuildFile; fileRef = D258B3AC2AFB621100A52469 /* UIImage+SIMResize.m */; };
		D258B40D2AFB621100A52469 /* UIButton+Extension.m in Sources */ = {isa = PBXBuildFile; fileRef = D258B3AD2AFB621100A52469 /* UIButton+Extension.m */; };
		D258B40E2AFB621100A52469 /* UIButton+Extension.m in Sources */ = {isa = PBXBuildFile; fileRef = D258B3AD2AFB621100A52469 /* UIButton+Extension.m */; };
		D258B40F2AFB621100A52469 /* UIButton+Extension.m in Sources */ = {isa = PBXBuildFile; fileRef = D258B3AD2AFB621100A52469 /* UIButton+Extension.m */; };
		D258B4102AFB621100A52469 /* UIButton+SIMUIButton.m in Sources */ = {isa = PBXBuildFile; fileRef = D258B3AE2AFB621100A52469 /* UIButton+SIMUIButton.m */; };
		D258B4112AFB621100A52469 /* UIButton+SIMUIButton.m in Sources */ = {isa = PBXBuildFile; fileRef = D258B3AE2AFB621100A52469 /* UIButton+SIMUIButton.m */; };
		D258B4122AFB621100A52469 /* UIButton+SIMUIButton.m in Sources */ = {isa = PBXBuildFile; fileRef = D258B3AE2AFB621100A52469 /* UIButton+SIMUIButton.m */; };
		D258B4132AFB621100A52469 /* UIImage+Color.m in Sources */ = {isa = PBXBuildFile; fileRef = D258B3AF2AFB621100A52469 /* UIImage+Color.m */; };
		D258B4142AFB621100A52469 /* UIImage+Color.m in Sources */ = {isa = PBXBuildFile; fileRef = D258B3AF2AFB621100A52469 /* UIImage+Color.m */; };
		D258B4152AFB621100A52469 /* UIImage+Color.m in Sources */ = {isa = PBXBuildFile; fileRef = D258B3AF2AFB621100A52469 /* UIImage+Color.m */; };
		D258B4162AFB621100A52469 /* UIView+ITTAdditions.m in Sources */ = {isa = PBXBuildFile; fileRef = D258B3B22AFB621100A52469 /* UIView+ITTAdditions.m */; };
		D258B4172AFB621100A52469 /* UIView+ITTAdditions.m in Sources */ = {isa = PBXBuildFile; fileRef = D258B3B22AFB621100A52469 /* UIView+ITTAdditions.m */; };
		D258B4182AFB621100A52469 /* UIView+ITTAdditions.m in Sources */ = {isa = PBXBuildFile; fileRef = D258B3B22AFB621100A52469 /* UIView+ITTAdditions.m */; };
		D258B4192AFB621100A52469 /* UIColor+FlatUI.m in Sources */ = {isa = PBXBuildFile; fileRef = D258B3B32AFB621100A52469 /* UIColor+FlatUI.m */; };
		D258B41A2AFB621100A52469 /* UIColor+FlatUI.m in Sources */ = {isa = PBXBuildFile; fileRef = D258B3B32AFB621100A52469 /* UIColor+FlatUI.m */; };
		D258B41B2AFB621100A52469 /* UIColor+FlatUI.m in Sources */ = {isa = PBXBuildFile; fileRef = D258B3B32AFB621100A52469 /* UIColor+FlatUI.m */; };
		D258B41C2AFB621100A52469 /* UIImage+ImageSize.m in Sources */ = {isa = PBXBuildFile; fileRef = D258B3B42AFB621100A52469 /* UIImage+ImageSize.m */; };
		D258B41D2AFB621100A52469 /* UIImage+ImageSize.m in Sources */ = {isa = PBXBuildFile; fileRef = D258B3B42AFB621100A52469 /* UIImage+ImageSize.m */; };
		D258B41E2AFB621100A52469 /* UIImage+ImageSize.m in Sources */ = {isa = PBXBuildFile; fileRef = D258B3B42AFB621100A52469 /* UIImage+ImageSize.m */; };
		D258B41F2AFB621100A52469 /* NSDictionary+safeDictionary.m in Sources */ = {isa = PBXBuildFile; fileRef = D258B3B52AFB621100A52469 /* NSDictionary+safeDictionary.m */; };
		D258B4202AFB621100A52469 /* NSDictionary+safeDictionary.m in Sources */ = {isa = PBXBuildFile; fileRef = D258B3B52AFB621100A52469 /* NSDictionary+safeDictionary.m */; };
		D258B4212AFB621100A52469 /* NSDictionary+safeDictionary.m in Sources */ = {isa = PBXBuildFile; fileRef = D258B3B52AFB621100A52469 /* NSDictionary+safeDictionary.m */; };
		D258B4222AFB621100A52469 /* UIDevice+SIMDevice.m in Sources */ = {isa = PBXBuildFile; fileRef = D258B3B62AFB621100A52469 /* UIDevice+SIMDevice.m */; };
		D258B4232AFB621100A52469 /* UIDevice+SIMDevice.m in Sources */ = {isa = PBXBuildFile; fileRef = D258B3B62AFB621100A52469 /* UIDevice+SIMDevice.m */; };
		D258B4242AFB621100A52469 /* UIDevice+SIMDevice.m in Sources */ = {isa = PBXBuildFile; fileRef = D258B3B62AFB621100A52469 /* UIDevice+SIMDevice.m */; };
		D258B4252AFB621100A52469 /* UIImage+SIMKit.m in Sources */ = {isa = PBXBuildFile; fileRef = D258B3B72AFB621100A52469 /* UIImage+SIMKit.m */; };
		D258B4262AFB621100A52469 /* UIImage+SIMKit.m in Sources */ = {isa = PBXBuildFile; fileRef = D258B3B72AFB621100A52469 /* UIImage+SIMKit.m */; };
		D258B4272AFB621100A52469 /* UIImage+SIMKit.m in Sources */ = {isa = PBXBuildFile; fileRef = D258B3B72AFB621100A52469 /* UIImage+SIMKit.m */; };
		D258B4282AFB621100A52469 /* NSString+Size.m in Sources */ = {isa = PBXBuildFile; fileRef = D258B3B82AFB621100A52469 /* NSString+Size.m */; };
		D258B4292AFB621100A52469 /* NSString+Size.m in Sources */ = {isa = PBXBuildFile; fileRef = D258B3B82AFB621100A52469 /* NSString+Size.m */; };
		D258B42A2AFB621100A52469 /* NSString+Size.m in Sources */ = {isa = PBXBuildFile; fileRef = D258B3B82AFB621100A52469 /* NSString+Size.m */; };
		D258B42B2AFB621100A52469 /* UIView+Radius.m in Sources */ = {isa = PBXBuildFile; fileRef = D258B3B92AFB621100A52469 /* UIView+Radius.m */; };
		D258B42C2AFB621100A52469 /* UIView+Radius.m in Sources */ = {isa = PBXBuildFile; fileRef = D258B3B92AFB621100A52469 /* UIView+Radius.m */; };
		D258B42D2AFB621100A52469 /* UIView+Radius.m in Sources */ = {isa = PBXBuildFile; fileRef = D258B3B92AFB621100A52469 /* UIView+Radius.m */; };
		D258B42E2AFB621100A52469 /* UITableView+SIMScrollToBottom.m in Sources */ = {isa = PBXBuildFile; fileRef = D258B3BA2AFB621100A52469 /* UITableView+SIMScrollToBottom.m */; };
		D258B42F2AFB621100A52469 /* UITableView+SIMScrollToBottom.m in Sources */ = {isa = PBXBuildFile; fileRef = D258B3BA2AFB621100A52469 /* UITableView+SIMScrollToBottom.m */; };
		D258B4302AFB621100A52469 /* UITableView+SIMScrollToBottom.m in Sources */ = {isa = PBXBuildFile; fileRef = D258B3BA2AFB621100A52469 /* UITableView+SIMScrollToBottom.m */; };
		D258B4392AFB62DB00A52469 /* SIMCustomDefineSwift.swift in Sources */ = {isa = PBXBuildFile; fileRef = D258B4332AFB62DB00A52469 /* SIMCustomDefineSwift.swift */; };
		D258B43A2AFB62DB00A52469 /* SIMCustomDefineSwift.swift in Sources */ = {isa = PBXBuildFile; fileRef = D258B4332AFB62DB00A52469 /* SIMCustomDefineSwift.swift */; };
		D258B43B2AFB62DB00A52469 /* SIMCustomDefineSwift.swift in Sources */ = {isa = PBXBuildFile; fileRef = D258B4332AFB62DB00A52469 /* SIMCustomDefineSwift.swift */; };
		D258B43D2AFB66C000A52469 /* ObjcProvingground-Bridging-Header.h in Sources */ = {isa = PBXBuildFile; fileRef = D258B43C2AFB658200A52469 /* ObjcProvingground-Bridging-Header.h */; };
		D27AC72B2AE8FB8A007644ED /* SIMSelectedLanguageViewController.m in Sources */ = {isa = PBXBuildFile; fileRef = D27AC72A2AE8FB8A007644ED /* SIMSelectedLanguageViewController.m */; };
		D2C3AA172AE6267C00E3986A /* LangPlaygroundVC.m in Sources */ = {isa = PBXBuildFile; fileRef = D2C3AA162AE6267C00E3986A /* LangPlaygroundVC.m */; };
		D2CD4D8B2AFCA41E0038F62B /* LanguageManager.swift in Sources */ = {isa = PBXBuildFile; fileRef = D2CD4D8A2AFCA41E0038F62B /* LanguageManager.swift */; };
		D2CD4D8C2AFCA41E0038F62B /* LanguageManager.swift in Sources */ = {isa = PBXBuildFile; fileRef = D2CD4D8A2AFCA41E0038F62B /* LanguageManager.swift */; };
		D2CD4D8D2AFCA41E0038F62B /* LanguageManager.swift in Sources */ = {isa = PBXBuildFile; fileRef = D2CD4D8A2AFCA41E0038F62B /* LanguageManager.swift */; };
		D2CD4DFC2AFCAC220038F62B /* SIMLocalizable.strings in Resources */ = {isa = PBXBuildFile; fileRef = D2CD4E002AFCAC220038F62B /* SIMLocalizable.strings */; };
		D2CD4DFD2AFCAC220038F62B /* SIMLocalizable.strings in Resources */ = {isa = PBXBuildFile; fileRef = D2CD4E002AFCAC220038F62B /* SIMLocalizable.strings */; };
		D2CD4DFE2AFCAC220038F62B /* SIMLocalizable.strings in Resources */ = {isa = PBXBuildFile; fileRef = D2CD4E002AFCAC220038F62B /* SIMLocalizable.strings */; };
		F656FF5E1A308E4E921E070F /* Pods_ObjcProvinggroundTests.framework in Frameworks */ = {isa = PBXBuildFile; fileRef = A2262BBF496DE758FC838D8D /* Pods_ObjcProvinggroundTests.framework */; };
/* End PBXBuildFile section */

/* Begin PBXContainerItemProxy section */
		D21763F8288901F0004A399E /* PBXContainerItemProxy */ = {
			isa = PBXContainerItemProxy;
			containerPortal = D21763D1288901EF004A399E /* Project object */;
			proxyType = 1;
			remoteGlobalIDString = D21763D8288901EF004A399E;
			remoteInfo = ObjcProvingground;
		};
		D2176402288901F0004A399E /* PBXContainerItemProxy */ = {
			isa = PBXContainerItemProxy;
			containerPortal = D21763D1288901EF004A399E /* Project object */;
			proxyType = 1;
			remoteGlobalIDString = D21763D8288901EF004A399E;
			remoteInfo = ObjcProvingground;
		};
/* End PBXContainerItemProxy section */

/* Begin PBXFileReference section */
		02A52E5B872A0B8FF6504253 /* Pods_ObjcProvingground.framework */ = {isa = PBXFileReference; explicitFileType = wrapper.framework; includeInIndex = 0; path = Pods_ObjcProvingground.framework; sourceTree = BUILT_PRODUCTS_DIR; };
		2879B0929259C0AAA6D06990 /* Pods-ObjcProvinggroundTests.debug.xcconfig */ = {isa = PBXFileReference; includeInIndex = 1; lastKnownFileType = text.xcconfig; name = "Pods-ObjcProvinggroundTests.debug.xcconfig"; path = "Target Support Files/Pods-ObjcProvinggroundTests/Pods-ObjcProvinggroundTests.debug.xcconfig"; sourceTree = "<group>"; };
		32375A7D904F42B4600CDB77 /* Pods-ObjcProvinggroundTests.release.xcconfig */ = {isa = PBXFileReference; includeInIndex = 1; lastKnownFileType = text.xcconfig; name = "Pods-ObjcProvinggroundTests.release.xcconfig"; path = "Target Support Files/Pods-ObjcProvinggroundTests/Pods-ObjcProvinggroundTests.release.xcconfig"; sourceTree = "<group>"; };
		34768A022BC76B02D26C1B4A /* Pods-ObjcProvingground.debug.xcconfig */ = {isa = PBXFileReference; includeInIndex = 1; lastKnownFileType = text.xcconfig; name = "Pods-ObjcProvingground.debug.xcconfig"; path = "Target Support Files/Pods-ObjcProvingground/Pods-ObjcProvingground.debug.xcconfig"; sourceTree = "<group>"; };
		608E71FA97D786068E6986DA /* Pods-ObjcProvingground.release.xcconfig */ = {isa = PBXFileReference; includeInIndex = 1; lastKnownFileType = text.xcconfig; name = "Pods-ObjcProvingground.release.xcconfig"; path = "Target Support Files/Pods-ObjcProvingground/Pods-ObjcProvingground.release.xcconfig"; sourceTree = "<group>"; };
		6594571929B08C27AF3ACFB1 /* Pods-ObjcProvingground-ObjcProvinggroundUITests.debug.xcconfig */ = {isa = PBXFileReference; includeInIndex = 1; lastKnownFileType = text.xcconfig; name = "Pods-ObjcProvingground-ObjcProvinggroundUITests.debug.xcconfig"; path = "Target Support Files/Pods-ObjcProvingground-ObjcProvinggroundUITests/Pods-ObjcProvingground-ObjcProvinggroundUITests.debug.xcconfig"; sourceTree = "<group>"; };
		767431B0D452C3E4303C02BC /* Pods-ObjcProvingground-ObjcProvinggroundUITests.release.xcconfig */ = {isa = PBXFileReference; includeInIndex = 1; lastKnownFileType = text.xcconfig; name = "Pods-ObjcProvingground-ObjcProvinggroundUITests.release.xcconfig"; path = "Target Support Files/Pods-ObjcProvingground-ObjcProvinggroundUITests/Pods-ObjcProvingground-ObjcProvinggroundUITests.release.xcconfig"; sourceTree = "<group>"; };
		90F8F7A829508E7682514C99 /* Pods_ObjcProvingground_ObjcProvinggroundUITests.framework */ = {isa = PBXFileReference; explicitFileType = wrapper.framework; includeInIndex = 0; path = Pods_ObjcProvingground_ObjcProvinggroundUITests.framework; sourceTree = BUILT_PRODUCTS_DIR; };
		A2262BBF496DE758FC838D8D /* Pods_ObjcProvinggroundTests.framework */ = {isa = PBXFileReference; explicitFileType = wrapper.framework; includeInIndex = 0; path = Pods_ObjcProvinggroundTests.framework; sourceTree = BUILT_PRODUCTS_DIR; };
		D2034FB52AF3775B00B4444C /* SIMSwitchLocationContentViewController.h */ = {isa = PBXFileReference; lastKnownFileType = sourcecode.c.h; path = SIMSwitchLocationContentViewController.h; sourceTree = "<group>"; };
		D2034FB62AF3775B00B4444C /* SIMSwitchLocationContentViewController.m */ = {isa = PBXFileReference; lastKnownFileType = sourcecode.c.objc; path = SIMSwitchLocationContentViewController.m; sourceTree = "<group>"; };
		D21763D9288901EF004A399E /* ObjcProvingground.app */ = {isa = PBXFileReference; explicitFileType = wrapper.application; includeInIndex = 0; path = ObjcProvingground.app; sourceTree = BUILT_PRODUCTS_DIR; };
		D21763DC288901EF004A399E /* AppDelegate.h */ = {isa = PBXFileReference; lastKnownFileType = sourcecode.c.h; path = AppDelegate.h; sourceTree = "<group>"; };
		D21763DD288901EF004A399E /* AppDelegate.m */ = {isa = PBXFileReference; lastKnownFileType = sourcecode.c.objc; path = AppDelegate.m; sourceTree = "<group>"; };
		D21763DF288901EF004A399E /* SceneDelegate.h */ = {isa = PBXFileReference; lastKnownFileType = sourcecode.c.h; path = SceneDelegate.h; sourceTree = "<group>"; };
		D21763E0288901EF004A399E /* SceneDelegate.m */ = {isa = PBXFileReference; lastKnownFileType = sourcecode.c.objc; path = SceneDelegate.m; sourceTree = "<group>"; };
		D21763E2288901EF004A399E /* ViewController.h */ = {isa = PBXFileReference; lastKnownFileType = sourcecode.c.h; path = ViewController.h; sourceTree = "<group>"; };
		D21763E3288901EF004A399E /* ViewController.m */ = {isa = PBXFileReference; lastKnownFileType = sourcecode.c.objc; path = ViewController.m; sourceTree = "<group>"; };
		D21763E6288901EF004A399E /* Base */ = {isa = PBXFileReference; lastKnownFileType = file.storyboard; name = Base; path = Base.lproj/Main.storyboard; sourceTree = "<group>"; };
		D21763E9288901EF004A399E /* ObjcProvingground.xcdatamodel */ = {isa = PBXFileReference; lastKnownFileType = wrapper.xcdatamodel; path = ObjcProvingground.xcdatamodel; sourceTree = "<group>"; };
		D21763EB288901F0004A399E /* Assets.xcassets */ = {isa = PBXFileReference; lastKnownFileType = folder.assetcatalog; path = Assets.xcassets; sourceTree = "<group>"; };
		D21763EE288901F0004A399E /* Base */ = {isa = PBXFileReference; lastKnownFileType = file.storyboard; name = Base; path = Base.lproj/LaunchScreen.storyboard; sourceTree = "<group>"; };
		D21763F0288901F0004A399E /* Info.plist */ = {isa = PBXFileReference; lastKnownFileType = text.plist.xml; path = Info.plist; sourceTree = "<group>"; };
		D21763F1288901F0004A399E /* main.m */ = {isa = PBXFileReference; lastKnownFileType = sourcecode.c.objc; path = main.m; sourceTree = "<group>"; };
		D21763F7288901F0004A399E /* ObjcProvinggroundTests.xctest */ = {isa = PBXFileReference; explicitFileType = wrapper.cfbundle; includeInIndex = 0; path = ObjcProvinggroundTests.xctest; sourceTree = BUILT_PRODUCTS_DIR; };
		D21763FB288901F0004A399E /* ObjcProvinggroundTests.m */ = {isa = PBXFileReference; lastKnownFileType = sourcecode.c.objc; path = ObjcProvinggroundTests.m; sourceTree = "<group>"; };
		D2176401288901F0004A399E /* ObjcProvinggroundUITests.xctest */ = {isa = PBXFileReference; explicitFileType = wrapper.cfbundle; includeInIndex = 0; path = ObjcProvinggroundUITests.xctest; sourceTree = BUILT_PRODUCTS_DIR; };
		D2176405288901F0004A399E /* ObjcProvinggroundUITests.m */ = {isa = PBXFileReference; lastKnownFileType = sourcecode.c.objc; path = ObjcProvinggroundUITests.m; sourceTree = "<group>"; };
		D2176407288901F0004A399E /* ObjcProvinggroundUITestsLaunchTests.m */ = {isa = PBXFileReference; lastKnownFileType = sourcecode.c.objc; path = ObjcProvinggroundUITestsLaunchTests.m; sourceTree = "<group>"; };
		D258B3682AFA272B00A52469 /* VNLocation.gpx */ = {isa = PBXFileReference; lastKnownFileType = text.xml; path = VNLocation.gpx; sourceTree = "<group>"; };
		D258B36B2AFB5FE300A52469 /* YYxTransferBankVC.h */ = {isa = PBXFileReference; lastKnownFileType = sourcecode.c.h; path = YYxTransferBankVC.h; sourceTree = "<group>"; };
		D258B36C2AFB5FE300A52469 /* YYxTransferBankVC.m */ = {isa = PBXFileReference; lastKnownFileType = sourcecode.c.objc; path = YYxTransferBankVC.m; sourceTree = "<group>"; };
		D258B36F2AFB621100A52469 /* NSCalendar+ZIKTheDayBeforeYesterDay.m */ = {isa = PBXFileReference; fileEncoding = 4; lastKnownFileType = sourcecode.c.objc; path = "NSCalendar+ZIKTheDayBeforeYesterDay.m"; sourceTree = "<group>"; };
		D258B3702AFB621100A52469 /* UILabel+LCreate.m */ = {isa = PBXFileReference; fileEncoding = 4; lastKnownFileType = sourcecode.c.objc; path = "UILabel+LCreate.m"; sourceTree = "<group>"; };
		D258B3722AFB621100A52469 /* UIButton+LCreate.h */ = {isa = PBXFileReference; fileEncoding = 4; lastKnownFileType = sourcecode.c.h; path = "UIButton+LCreate.h"; sourceTree = "<group>"; };
		D258B3732AFB621100A52469 /* NSString+SIMKit.h */ = {isa = PBXFileReference; fileEncoding = 4; lastKnownFileType = sourcecode.c.h; path = "NSString+SIMKit.h"; sourceTree = "<group>"; };
		D258B3742AFB621100A52469 /* UIButton+ZIKEnlargeTouchArea.m */ = {isa = PBXFileReference; fileEncoding = 4; lastKnownFileType = sourcecode.c.objc; path = "UIButton+ZIKEnlargeTouchArea.m"; sourceTree = "<group>"; };
		D258B3752AFB621100A52469 /* UIImage+FlatUI.m */ = {isa = PBXFileReference; fileEncoding = 4; lastKnownFileType = sourcecode.c.objc; path = "UIImage+FlatUI.m"; sourceTree = "<group>"; };
		D258B3762AFB621100A52469 /* NSString+Date.h */ = {isa = PBXFileReference; fileEncoding = 4; lastKnownFileType = sourcecode.c.h; path = "NSString+Date.h"; sourceTree = "<group>"; };
		D258B3782AFB621100A52469 /* NSString+Extension.h */ = {isa = PBXFileReference; fileEncoding = 4; lastKnownFileType = sourcecode.c.h; path = "NSString+Extension.h"; sourceTree = "<group>"; };
		D258B3792AFB621100A52469 /* NSJSONSerialization+SIMSpecialCharacters.h */ = {isa = PBXFileReference; fileEncoding = 4; lastKnownFileType = sourcecode.c.h; path = "NSJSONSerialization+SIMSpecialCharacters.h"; sourceTree = "<group>"; };
		D258B37A2AFB621100A52469 /* UIView+Border.m */ = {isa = PBXFileReference; fileEncoding = 4; lastKnownFileType = sourcecode.c.objc; path = "UIView+Border.m"; sourceTree = "<group>"; };
		D258B37C2AFB621100A52469 /* UIView+Frame.m */ = {isa = PBXFileReference; fileEncoding = 4; lastKnownFileType = sourcecode.c.objc; path = "UIView+Frame.m"; sourceTree = "<group>"; };
		D258B37D2AFB621100A52469 /* UIImage+Color.h */ = {isa = PBXFileReference; fileEncoding = 4; lastKnownFileType = sourcecode.c.h; path = "UIImage+Color.h"; sourceTree = "<group>"; };
		D258B37E2AFB621100A52469 /* UIButton+Extension.h */ = {isa = PBXFileReference; fileEncoding = 4; lastKnownFileType = sourcecode.c.h; path = "UIButton+Extension.h"; sourceTree = "<group>"; };
		D258B37F2AFB621100A52469 /* UIButton+SIMUIButton.h */ = {isa = PBXFileReference; fileEncoding = 4; lastKnownFileType = sourcecode.c.h; path = "UIButton+SIMUIButton.h"; sourceTree = "<group>"; };
		D258B3802AFB621100A52469 /* UIAlertController+Autorotate.m */ = {isa = PBXFileReference; fileEncoding = 4; lastKnownFileType = sourcecode.c.objc; path = "UIAlertController+Autorotate.m"; sourceTree = "<group>"; };
		D258B3812AFB621100A52469 /* UIImage+SIMResize.h */ = {isa = PBXFileReference; fileEncoding = 4; lastKnownFileType = sourcecode.c.h; path = "UIImage+SIMResize.h"; sourceTree = "<group>"; };
		D258B3822AFB621100A52469 /* UIViewController+LNavigationBarHidden.h */ = {isa = PBXFileReference; fileEncoding = 4; lastKnownFileType = sourcecode.c.h; path = "UIViewController+LNavigationBarHidden.h"; sourceTree = "<group>"; };
		D258B3832AFB621100A52469 /* UIScrollView+TZGestureRecognizer.m */ = {isa = PBXFileReference; fileEncoding = 4; lastKnownFileType = sourcecode.c.objc; path = "UIScrollView+TZGestureRecognizer.m"; sourceTree = "<group>"; };
		D258B3842AFB621100A52469 /* UITextField+LCreate.m */ = {isa = PBXFileReference; fileEncoding = 4; lastKnownFileType = sourcecode.c.objc; path = "UITextField+LCreate.m"; sourceTree = "<group>"; };
		D258B3852AFB621100A52469 /* NSString+md5.h */ = {isa = PBXFileReference; fileEncoding = 4; lastKnownFileType = sourcecode.c.h; path = "NSString+md5.h"; sourceTree = "<group>"; };
		D258B3862AFB621100A52469 /* UIImage+Extension.m */ = {isa = PBXFileReference; fileEncoding = 4; lastKnownFileType = sourcecode.c.objc; path = "UIImage+Extension.m"; sourceTree = "<group>"; };
		D258B3872AFB621100A52469 /* NSData+SIMKit.m */ = {isa = PBXFileReference; fileEncoding = 4; lastKnownFileType = sourcecode.c.objc; path = "NSData+SIMKit.m"; sourceTree = "<group>"; };
		D258B3882AFB621100A52469 /* NSDate+Extention.h */ = {isa = PBXFileReference; fileEncoding = 4; lastKnownFileType = sourcecode.c.h; path = "NSDate+Extention.h"; sourceTree = "<group>"; };
		D258B3892AFB621100A52469 /* UILabelAdditions.h */ = {isa = PBXFileReference; fileEncoding = 4; lastKnownFileType = sourcecode.c.h; path = UILabelAdditions.h; sourceTree = "<group>"; };
		D258B38A2AFB621100A52469 /* UIView+CustomCorner.m */ = {isa = PBXFileReference; fileEncoding = 4; lastKnownFileType = sourcecode.c.objc; path = "UIView+CustomCorner.m"; sourceTree = "<group>"; };
		D258B38B2AFB621100A52469 /* UITableView+SIMScrollToBottom.h */ = {isa = PBXFileReference; fileEncoding = 4; lastKnownFileType = sourcecode.c.h; path = "UITableView+SIMScrollToBottom.h"; sourceTree = "<group>"; };
		D258B38C2AFB621100A52469 /* UIViewController+Pop.swift */ = {isa = PBXFileReference; fileEncoding = 4; lastKnownFileType = sourcecode.swift; path = "UIViewController+Pop.swift"; sourceTree = "<group>"; };
		D258B38D2AFB621100A52469 /* UIView+Radius.h */ = {isa = PBXFileReference; fileEncoding = 4; lastKnownFileType = sourcecode.c.h; path = "UIView+Radius.h"; sourceTree = "<group>"; };
		D258B38E2AFB621100A52469 /* NSString+Size.h */ = {isa = PBXFileReference; fileEncoding = 4; lastKnownFileType = sourcecode.c.h; path = "NSString+Size.h"; sourceTree = "<group>"; };
		D258B38F2AFB621100A52469 /* UIImage+SIMKit.h */ = {isa = PBXFileReference; fileEncoding = 4; lastKnownFileType = sourcecode.c.h; path = "UIImage+SIMKit.h"; sourceTree = "<group>"; };
		D258B3902AFB621100A52469 /* UIImage+GradientColor.swift */ = {isa = PBXFileReference; fileEncoding = 4; lastKnownFileType = sourcecode.swift; path = "UIImage+GradientColor.swift"; sourceTree = "<group>"; };
		D258B3912AFB621100A52469 /* NSDictionary+safeDictionary.h */ = {isa = PBXFileReference; fileEncoding = 4; lastKnownFileType = sourcecode.c.h; path = "NSDictionary+safeDictionary.h"; sourceTree = "<group>"; };
		D258B3922AFB621100A52469 /* UIDevice+SIMDevice.h */ = {isa = PBXFileReference; fileEncoding = 4; lastKnownFileType = sourcecode.c.h; path = "UIDevice+SIMDevice.h"; sourceTree = "<group>"; };
		D258B3932AFB621100A52469 /* UIImage+ImageSize.h */ = {isa = PBXFileReference; fileEncoding = 4; lastKnownFileType = sourcecode.c.h; path = "UIImage+ImageSize.h"; sourceTree = "<group>"; };
		D258B3942AFB621100A52469 /* UIView+ITTAdditions.h */ = {isa = PBXFileReference; fileEncoding = 4; lastKnownFileType = sourcecode.c.h; path = "UIView+ITTAdditions.h"; sourceTree = "<group>"; };
		D258B3952AFB621100A52469 /* UIColor+FlatUI.h */ = {isa = PBXFileReference; fileEncoding = 4; lastKnownFileType = sourcecode.c.h; path = "UIColor+FlatUI.h"; sourceTree = "<group>"; };
		D258B3962AFB621100A52469 /* NSString+SIMKit.m */ = {isa = PBXFileReference; fileEncoding = 4; lastKnownFileType = sourcecode.c.objc; path = "NSString+SIMKit.m"; sourceTree = "<group>"; };
		D258B3972AFB621100A52469 /* UIButton+LCreate.m */ = {isa = PBXFileReference; fileEncoding = 4; lastKnownFileType = sourcecode.c.objc; path = "UIButton+LCreate.m"; sourceTree = "<group>"; };
		D258B3992AFB621100A52469 /* UILabel+LCreate.h */ = {isa = PBXFileReference; fileEncoding = 4; lastKnownFileType = sourcecode.c.h; path = "UILabel+LCreate.h"; sourceTree = "<group>"; };
		D258B39A2AFB621100A52469 /* NSCalendar+ZIKTheDayBeforeYesterDay.h */ = {isa = PBXFileReference; fileEncoding = 4; lastKnownFileType = sourcecode.c.h; path = "NSCalendar+ZIKTheDayBeforeYesterDay.h"; sourceTree = "<group>"; };
		D258B39C2AFB621100A52469 /* NSJSONSerialization+SIMSpecialCharacters.m */ = {isa = PBXFileReference; fileEncoding = 4; lastKnownFileType = sourcecode.c.objc; path = "NSJSONSerialization+SIMSpecialCharacters.m"; sourceTree = "<group>"; };
		D258B39D2AFB621100A52469 /* UIView+Border.h */ = {isa = PBXFileReference; fileEncoding = 4; lastKnownFileType = sourcecode.c.h; path = "UIView+Border.h"; sourceTree = "<group>"; };
		D258B39E2AFB621100A52469 /* NSString+Extension.m */ = {isa = PBXFileReference; fileEncoding = 4; lastKnownFileType = sourcecode.c.objc; path = "NSString+Extension.m"; sourceTree = "<group>"; };
		D258B3A02AFB621100A52469 /* NSString+Date.m */ = {isa = PBXFileReference; fileEncoding = 4; lastKnownFileType = sourcecode.c.objc; path = "NSString+Date.m"; sourceTree = "<group>"; };
		D258B3A12AFB621100A52469 /* UIImage+FlatUI.h */ = {isa = PBXFileReference; fileEncoding = 4; lastKnownFileType = sourcecode.c.h; path = "UIImage+FlatUI.h"; sourceTree = "<group>"; };
		D258B3A22AFB621100A52469 /* UIButton+ZIKEnlargeTouchArea.h */ = {isa = PBXFileReference; fileEncoding = 4; lastKnownFileType = sourcecode.c.h; path = "UIButton+ZIKEnlargeTouchArea.h"; sourceTree = "<group>"; };
		D258B3A32AFB621100A52469 /* UILabelAdditions.m */ = {isa = PBXFileReference; fileEncoding = 4; lastKnownFileType = sourcecode.c.objc; path = UILabelAdditions.m; sourceTree = "<group>"; };
		D258B3A42AFB621100A52469 /* NSDate+Extention.m */ = {isa = PBXFileReference; fileEncoding = 4; lastKnownFileType = sourcecode.c.objc; path = "NSDate+Extention.m"; sourceTree = "<group>"; };
		D258B3A52AFB621100A52469 /* UIImage+Extension.h */ = {isa = PBXFileReference; fileEncoding = 4; lastKnownFileType = sourcecode.c.h; path = "UIImage+Extension.h"; sourceTree = "<group>"; };
		D258B3A62AFB621100A52469 /* NSData+SIMKit.h */ = {isa = PBXFileReference; fileEncoding = 4; lastKnownFileType = sourcecode.c.h; path = "NSData+SIMKit.h"; sourceTree = "<group>"; };
		D258B3A72AFB621100A52469 /* NSString+md5.m */ = {isa = PBXFileReference; fileEncoding = 4; lastKnownFileType = sourcecode.c.objc; path = "NSString+md5.m"; sourceTree = "<group>"; };
		D258B3A82AFB621100A52469 /* UIScrollView+TZGestureRecognizer.h */ = {isa = PBXFileReference; fileEncoding = 4; lastKnownFileType = sourcecode.c.h; path = "UIScrollView+TZGestureRecognizer.h"; sourceTree = "<group>"; };
		D258B3A92AFB621100A52469 /* UIViewController+LNavigationBarHidden.m */ = {isa = PBXFileReference; fileEncoding = 4; lastKnownFileType = sourcecode.c.objc; path = "UIViewController+LNavigationBarHidden.m"; sourceTree = "<group>"; };
		D258B3AA2AFB621100A52469 /* UITextField+LCreate.h */ = {isa = PBXFileReference; fileEncoding = 4; lastKnownFileType = sourcecode.c.h; path = "UITextField+LCreate.h"; sourceTree = "<group>"; };
		D258B3AB2AFB621100A52469 /* UIAlertController+Autorotate.h */ = {isa = PBXFileReference; fileEncoding = 4; lastKnownFileType = sourcecode.c.h; path = "UIAlertController+Autorotate.h"; sourceTree = "<group>"; };
		D258B3AC2AFB621100A52469 /* UIImage+SIMResize.m */ = {isa = PBXFileReference; fileEncoding = 4; lastKnownFileType = sourcecode.c.objc; path = "UIImage+SIMResize.m"; sourceTree = "<group>"; };
		D258B3AD2AFB621100A52469 /* UIButton+Extension.m */ = {isa = PBXFileReference; fileEncoding = 4; lastKnownFileType = sourcecode.c.objc; path = "UIButton+Extension.m"; sourceTree = "<group>"; };
		D258B3AE2AFB621100A52469 /* UIButton+SIMUIButton.m */ = {isa = PBXFileReference; fileEncoding = 4; lastKnownFileType = sourcecode.c.objc; path = "UIButton+SIMUIButton.m"; sourceTree = "<group>"; };
		D258B3AF2AFB621100A52469 /* UIImage+Color.m */ = {isa = PBXFileReference; fileEncoding = 4; lastKnownFileType = sourcecode.c.objc; path = "UIImage+Color.m"; sourceTree = "<group>"; };
		D258B3B02AFB621100A52469 /* UIView+Frame.h */ = {isa = PBXFileReference; fileEncoding = 4; lastKnownFileType = sourcecode.c.h; path = "UIView+Frame.h"; sourceTree = "<group>"; };
		D258B3B12AFB621100A52469 /* NIMInputEmoticonDefine.h */ = {isa = PBXFileReference; fileEncoding = 4; lastKnownFileType = sourcecode.c.h; path = NIMInputEmoticonDefine.h; sourceTree = "<group>"; };
		D258B3B22AFB621100A52469 /* UIView+ITTAdditions.m */ = {isa = PBXFileReference; fileEncoding = 4; lastKnownFileType = sourcecode.c.objc; path = "UIView+ITTAdditions.m"; sourceTree = "<group>"; };
		D258B3B32AFB621100A52469 /* UIColor+FlatUI.m */ = {isa = PBXFileReference; fileEncoding = 4; lastKnownFileType = sourcecode.c.objc; path = "UIColor+FlatUI.m"; sourceTree = "<group>"; };
		D258B3B42AFB621100A52469 /* UIImage+ImageSize.m */ = {isa = PBXFileReference; fileEncoding = 4; lastKnownFileType = sourcecode.c.objc; path = "UIImage+ImageSize.m"; sourceTree = "<group>"; };
		D258B3B52AFB621100A52469 /* NSDictionary+safeDictionary.m */ = {isa = PBXFileReference; fileEncoding = 4; lastKnownFileType = sourcecode.c.objc; path = "NSDictionary+safeDictionary.m"; sourceTree = "<group>"; };
		D258B3B62AFB621100A52469 /* UIDevice+SIMDevice.m */ = {isa = PBXFileReference; fileEncoding = 4; lastKnownFileType = sourcecode.c.objc; path = "UIDevice+SIMDevice.m"; sourceTree = "<group>"; };
		D258B3B72AFB621100A52469 /* UIImage+SIMKit.m */ = {isa = PBXFileReference; fileEncoding = 4; lastKnownFileType = sourcecode.c.objc; path = "UIImage+SIMKit.m"; sourceTree = "<group>"; };
		D258B3B82AFB621100A52469 /* NSString+Size.m */ = {isa = PBXFileReference; fileEncoding = 4; lastKnownFileType = sourcecode.c.objc; path = "NSString+Size.m"; sourceTree = "<group>"; };
		D258B3B92AFB621100A52469 /* UIView+Radius.m */ = {isa = PBXFileReference; fileEncoding = 4; lastKnownFileType = sourcecode.c.objc; path = "UIView+Radius.m"; sourceTree = "<group>"; };
		D258B3BA2AFB621100A52469 /* UITableView+SIMScrollToBottom.m */ = {isa = PBXFileReference; fileEncoding = 4; lastKnownFileType = sourcecode.c.objc; path = "UITableView+SIMScrollToBottom.m"; sourceTree = "<group>"; };
		D258B3BB2AFB621100A52469 /* UIView+CustomCorner.h */ = {isa = PBXFileReference; fileEncoding = 4; lastKnownFileType = sourcecode.c.h; path = "UIView+CustomCorner.h"; sourceTree = "<group>"; };
		D258B4332AFB62DB00A52469 /* SIMCustomDefineSwift.swift */ = {isa = PBXFileReference; fileEncoding = 4; lastKnownFileType = sourcecode.swift; path = SIMCustomDefineSwift.swift; sourceTree = "<group>"; };
		D258B4342AFB62DB00A52469 /* SIMEnumClass.h */ = {isa = PBXFileReference; fileEncoding = 4; lastKnownFileType = sourcecode.c.h; path = SIMEnumClass.h; sourceTree = "<group>"; };
		D258B4352AFB62DB00A52469 /* SIMAppKeyDefine.h */ = {isa = PBXFileReference; fileEncoding = 4; lastKnownFileType = sourcecode.c.h; path = SIMAppKeyDefine.h; sourceTree = "<group>"; };
		D258B4362AFB62DB00A52469 /* SIMInterface.h */ = {isa = PBXFileReference; fileEncoding = 4; lastKnownFileType = sourcecode.c.h; path = SIMInterface.h; sourceTree = "<group>"; };
		D258B4372AFB62DB00A52469 /* SIMNotificationDefine.h */ = {isa = PBXFileReference; fileEncoding = 4; lastKnownFileType = sourcecode.c.h; path = SIMNotificationDefine.h; sourceTree = "<group>"; };
		D258B4382AFB62DB00A52469 /* SIMCustomDefine.h */ = {isa = PBXFileReference; fileEncoding = 4; lastKnownFileType = sourcecode.c.h; path = SIMCustomDefine.h; sourceTree = "<group>"; };
		D258B43C2AFB658200A52469 /* ObjcProvingground-Bridging-Header.h */ = {isa = PBXFileReference; lastKnownFileType = sourcecode.c.h; path = "ObjcProvingground-Bridging-Header.h"; sourceTree = "<group>"; };
		D27AC7292AE8FB8A007644ED /* SIMSelectedLanguageViewController.h */ = {isa = PBXFileReference; lastKnownFileType = sourcecode.c.h; path = SIMSelectedLanguageViewController.h; sourceTree = "<group>"; };
		D27AC72A2AE8FB8A007644ED /* SIMSelectedLanguageViewController.m */ = {isa = PBXFileReference; lastKnownFileType = sourcecode.c.objc; path = SIMSelectedLanguageViewController.m; sourceTree = "<group>"; };
		D2C3AA132AE27B0500E3986A /* PrefixHeader.pch */ = {isa = PBXFileReference; lastKnownFileType = sourcecode.c.h; path = PrefixHeader.pch; sourceTree = "<group>"; };
		D2C3AA152AE6267C00E3986A /* LangPlaygroundVC.h */ = {isa = PBXFileReference; lastKnownFileType = sourcecode.c.h; path = LangPlaygroundVC.h; sourceTree = "<group>"; };
		D2C3AA162AE6267C00E3986A /* LangPlaygroundVC.m */ = {isa = PBXFileReference; lastKnownFileType = sourcecode.c.objc; path = LangPlaygroundVC.m; sourceTree = "<group>"; };
		D2CD4D8A2AFCA41E0038F62B /* LanguageManager.swift */ = {isa = PBXFileReference; fileEncoding = 4; lastKnownFileType = sourcecode.swift; path = LanguageManager.swift; sourceTree = "<group>"; };
		D2CD4DFF2AFCAC220038F62B /* en */ = {isa = PBXFileReference; lastKnownFileType = text.plist.strings; name = en; path = en.lproj/SIMLocalizable.strings; sourceTree = "<group>"; };
		D2CD4E012AFCAC270038F62B /* zh-Hans */ = {isa = PBXFileReference; lastKnownFileType = text.plist.strings; name = "zh-Hans"; path = "zh-Hans.lproj/SIMLocalizable.strings"; sourceTree = "<group>"; };
		D2CD4E022AFCAC2B0038F62B /* zh-Hant */ = {isa = PBXFileReference; lastKnownFileType = text.plist.strings; name = "zh-Hant"; path = "zh-Hant.lproj/SIMLocalizable.strings"; sourceTree = "<group>"; };
		D2CD4E032AFCAC2C0038F62B /* ja */ = {isa = PBXFileReference; lastKnownFileType = text.plist.strings; name = ja; path = ja.lproj/SIMLocalizable.strings; sourceTree = "<group>"; };
		D2CD4E042AFCAC2D0038F62B /* ko */ = {isa = PBXFileReference; lastKnownFileType = text.plist.strings; name = ko; path = ko.lproj/SIMLocalizable.strings; sourceTree = "<group>"; };
		D2CD4E052AFCAC2E0038F62B /* th */ = {isa = PBXFileReference; lastKnownFileType = text.plist.strings; name = th; path = th.lproj/SIMLocalizable.strings; sourceTree = "<group>"; };
		D2CD4E062AFCAC300038F62B /* vi */ = {isa = PBXFileReference; lastKnownFileType = text.plist.strings; name = vi; path = vi.lproj/SIMLocalizable.strings; sourceTree = "<group>"; };
/* End PBXFileReference section */

/* Begin PBXFrameworksBuildPhase section */
		D21763D6288901EF004A399E /* Frameworks */ = {
			isa = PBXFrameworksBuildPhase;
			buildActionMask = 2147483647;
			files = (
				52762FB395D1AFEE46437F7F /* Pods_ObjcProvingground.framework in Frameworks */,
			);
			runOnlyForDeploymentPostprocessing = 0;
		};
		D21763F4288901F0004A399E /* Frameworks */ = {
			isa = PBXFrameworksBuildPhase;
			buildActionMask = 2147483647;
			files = (
				F656FF5E1A308E4E921E070F /* Pods_ObjcProvinggroundTests.framework in Frameworks */,
			);
			runOnlyForDeploymentPostprocessing = 0;
		};
		D21763FE288901F0004A399E /* Frameworks */ = {
			isa = PBXFrameworksBuildPhase;
			buildActionMask = 2147483647;
			files = (
				8C16CD16EE5D08AFC7034E8B /* Pods_ObjcProvingground_ObjcProvinggroundUITests.framework in Frameworks */,
			);
			runOnlyForDeploymentPostprocessing = 0;
		};
/* End PBXFrameworksBuildPhase section */

/* Begin PBXGroup section */
		7EE178F2AFD4394C6B6C9D25 /* Pods */ = {
			isa = PBXGroup;
			children = (
				34768A022BC76B02D26C1B4A /* Pods-ObjcProvingground.debug.xcconfig */,
				608E71FA97D786068E6986DA /* Pods-ObjcProvingground.release.xcconfig */,
				6594571929B08C27AF3ACFB1 /* Pods-ObjcProvingground-ObjcProvinggroundUITests.debug.xcconfig */,
				767431B0D452C3E4303C02BC /* Pods-ObjcProvingground-ObjcProvinggroundUITests.release.xcconfig */,
				2879B0929259C0AAA6D06990 /* Pods-ObjcProvinggroundTests.debug.xcconfig */,
				32375A7D904F42B4600CDB77 /* Pods-ObjcProvinggroundTests.release.xcconfig */,
			);
			path = Pods;
			sourceTree = "<group>";
		};
		838FA3A08AFAE5981E746E01 /* Frameworks */ = {
			isa = PBXGroup;
			children = (
				02A52E5B872A0B8FF6504253 /* Pods_ObjcProvingground.framework */,
				90F8F7A829508E7682514C99 /* Pods_ObjcProvingground_ObjcProvinggroundUITests.framework */,
				A2262BBF496DE758FC838D8D /* Pods_ObjcProvinggroundTests.framework */,
			);
			name = Frameworks;
			sourceTree = "<group>";
		};
		D21763D0288901EF004A399E = {
			isa = PBXGroup;
			children = (
				D2C3AA132AE27B0500E3986A /* PrefixHeader.pch */,
				D258B43C2AFB658200A52469 /* ObjcProvingground-Bridging-Header.h */,
				D21763DB288901EF004A399E /* ObjcProvingground */,
				D21763FA288901F0004A399E /* ObjcProvinggroundTests */,
				D2176404288901F0004A399E /* ObjcProvinggroundUITests */,
				D21763DA288901EF004A399E /* Products */,
				7EE178F2AFD4394C6B6C9D25 /* Pods */,
				838FA3A08AFAE5981E746E01 /* Frameworks */,
			);
			sourceTree = "<group>";
		};
		D21763DA288901EF004A399E /* Products */ = {
			isa = PBXGroup;
			children = (
				D21763D9288901EF004A399E /* ObjcProvingground.app */,
				D21763F7288901F0004A399E /* ObjcProvinggroundTests.xctest */,
				D2176401288901F0004A399E /* ObjcProvinggroundUITests.xctest */,
			);
			name = Products;
			sourceTree = "<group>";
		};
		D21763DB288901EF004A399E /* ObjcProvingground */ = {
			isa = PBXGroup;
			children = (
				D2CD4D8A2AFCA41E0038F62B /* LanguageManager.swift */,
				D258B4312AFB62DB00A52469 /* Config */,
				D258B36E2AFB621100A52469 /* Categories */,
				D258B36A2AFB5EC200A52469 /* PPGTalk */,
				D21763DC288901EF004A399E /* AppDelegate.h */,
				D21763DD288901EF004A399E /* AppDelegate.m */,
				D21763DF288901EF004A399E /* SceneDelegate.h */,
				D21763E0288901EF004A399E /* SceneDelegate.m */,
				D21763E2288901EF004A399E /* ViewController.h */,
				D21763E3288901EF004A399E /* ViewController.m */,
				D21763E5288901EF004A399E /* Main.storyboard */,
				D21763EB288901F0004A399E /* Assets.xcassets */,
				D2CD4E002AFCAC220038F62B /* SIMLocalizable.strings */,
				D21763ED288901F0004A399E /* LaunchScreen.storyboard */,
				D21763F0288901F0004A399E /* Info.plist */,
				D21763F1288901F0004A399E /* main.m */,
				D21763E8288901EF004A399E /* ObjcProvingground.xcdatamodeld */,
				D258B3682AFA272B00A52469 /* VNLocation.gpx */,
			);
			path = ObjcProvingground;
			sourceTree = "<group>";
		};
		D21763FA288901F0004A399E /* ObjcProvinggroundTests */ = {
			isa = PBXGroup;
			children = (
				D21763FB288901F0004A399E /* ObjcProvinggroundTests.m */,
			);
			path = ObjcProvinggroundTests;
			sourceTree = "<group>";
		};
		D2176404288901F0004A399E /* ObjcProvinggroundUITests */ = {
			isa = PBXGroup;
			children = (
				D2176405288901F0004A399E /* ObjcProvinggroundUITests.m */,
				D2176407288901F0004A399E /* ObjcProvinggroundUITestsLaunchTests.m */,
			);
			path = ObjcProvinggroundUITests;
			sourceTree = "<group>";
		};
		D258B3692AFB5E9F00A52469 /* 15426 */ = {
			isa = PBXGroup;
			children = (
				D258B36B2AFB5FE300A52469 /* YYxTransferBankVC.h */,
				D258B36C2AFB5FE300A52469 /* YYxTransferBankVC.m */,
			);
			path = 15426;
			sourceTree = "<group>";
		};
		D258B36A2AFB5EC200A52469 /* PPGTalk */ = {
			isa = PBXGroup;
			children = (
				D258B3692AFB5E9F00A52469 /* 15426 */,
				D2C3AA142AE6258500E3986A /* 14567 */,
			);
			path = PPGTalk;
			sourceTree = "<group>";
		};
		D258B36E2AFB621100A52469 /* Categories */ = {
			isa = PBXGroup;
			children = (
				D258B36F2AFB621100A52469 /* NSCalendar+ZIKTheDayBeforeYesterDay.m */,
				D258B3702AFB621100A52469 /* UILabel+LCreate.m */,
				D258B3722AFB621100A52469 /* UIButton+LCreate.h */,
				D258B3732AFB621100A52469 /* NSString+SIMKit.h */,
				D258B3742AFB621100A52469 /* UIButton+ZIKEnlargeTouchArea.m */,
				D258B3752AFB621100A52469 /* UIImage+FlatUI.m */,
				D258B3762AFB621100A52469 /* NSString+Date.h */,
				D258B3782AFB621100A52469 /* NSString+Extension.h */,
				D258B3792AFB621100A52469 /* NSJSONSerialization+SIMSpecialCharacters.h */,
				D258B37A2AFB621100A52469 /* UIView+Border.m */,
				D258B37C2AFB621100A52469 /* UIView+Frame.m */,
				D258B37D2AFB621100A52469 /* UIImage+Color.h */,
				D258B37E2AFB621100A52469 /* UIButton+Extension.h */,
				D258B37F2AFB621100A52469 /* UIButton+SIMUIButton.h */,
				D258B3802AFB621100A52469 /* UIAlertController+Autorotate.m */,
				D258B3812AFB621100A52469 /* UIImage+SIMResize.h */,
				D258B3822AFB621100A52469 /* UIViewController+LNavigationBarHidden.h */,
				D258B3832AFB621100A52469 /* UIScrollView+TZGestureRecognizer.m */,
				D258B3842AFB621100A52469 /* UITextField+LCreate.m */,
				D258B3852AFB621100A52469 /* NSString+md5.h */,
				D258B3862AFB621100A52469 /* UIImage+Extension.m */,
				D258B3872AFB621100A52469 /* NSData+SIMKit.m */,
				D258B3882AFB621100A52469 /* NSDate+Extention.h */,
				D258B3892AFB621100A52469 /* UILabelAdditions.h */,
				D258B38A2AFB621100A52469 /* UIView+CustomCorner.m */,
				D258B38B2AFB621100A52469 /* UITableView+SIMScrollToBottom.h */,
				D258B38C2AFB621100A52469 /* UIViewController+Pop.swift */,
				D258B38D2AFB621100A52469 /* UIView+Radius.h */,
				D258B38E2AFB621100A52469 /* NSString+Size.h */,
				D258B38F2AFB621100A52469 /* UIImage+SIMKit.h */,
				D258B3902AFB621100A52469 /* UIImage+GradientColor.swift */,
				D258B3912AFB621100A52469 /* NSDictionary+safeDictionary.h */,
				D258B3922AFB621100A52469 /* UIDevice+SIMDevice.h */,
				D258B3932AFB621100A52469 /* UIImage+ImageSize.h */,
				D258B3942AFB621100A52469 /* UIView+ITTAdditions.h */,
				D258B3952AFB621100A52469 /* UIColor+FlatUI.h */,
				D258B3962AFB621100A52469 /* NSString+SIMKit.m */,
				D258B3972AFB621100A52469 /* UIButton+LCreate.m */,
				D258B3992AFB621100A52469 /* UILabel+LCreate.h */,
				D258B39A2AFB621100A52469 /* NSCalendar+ZIKTheDayBeforeYesterDay.h */,
				D258B39C2AFB621100A52469 /* NSJSONSerialization+SIMSpecialCharacters.m */,
				D258B39D2AFB621100A52469 /* UIView+Border.h */,
				D258B39E2AFB621100A52469 /* NSString+Extension.m */,
				D258B3A02AFB621100A52469 /* NSString+Date.m */,
				D258B3A12AFB621100A52469 /* UIImage+FlatUI.h */,
				D258B3A22AFB621100A52469 /* UIButton+ZIKEnlargeTouchArea.h */,
				D258B3A32AFB621100A52469 /* UILabelAdditions.m */,
				D258B3A42AFB621100A52469 /* NSDate+Extention.m */,
				D258B3A52AFB621100A52469 /* UIImage+Extension.h */,
				D258B3A62AFB621100A52469 /* NSData+SIMKit.h */,
				D258B3A72AFB621100A52469 /* NSString+md5.m */,
				D258B3A82AFB621100A52469 /* UIScrollView+TZGestureRecognizer.h */,
				D258B3A92AFB621100A52469 /* UIViewController+LNavigationBarHidden.m */,
				D258B3AA2AFB621100A52469 /* UITextField+LCreate.h */,
				D258B3AB2AFB621100A52469 /* UIAlertController+Autorotate.h */,
				D258B3AC2AFB621100A52469 /* UIImage+SIMResize.m */,
				D258B3AD2AFB621100A52469 /* UIButton+Extension.m */,
				D258B3AE2AFB621100A52469 /* UIButton+SIMUIButton.m */,
				D258B3AF2AFB621100A52469 /* UIImage+Color.m */,
				D258B3B02AFB621100A52469 /* UIView+Frame.h */,
				D258B3B12AFB621100A52469 /* NIMInputEmoticonDefine.h */,
				D258B3B22AFB621100A52469 /* UIView+ITTAdditions.m */,
				D258B3B32AFB621100A52469 /* UIColor+FlatUI.m */,
				D258B3B42AFB621100A52469 /* UIImage+ImageSize.m */,
				D258B3B52AFB621100A52469 /* NSDictionary+safeDictionary.m */,
				D258B3B62AFB621100A52469 /* UIDevice+SIMDevice.m */,
				D258B3B72AFB621100A52469 /* UIImage+SIMKit.m */,
				D258B3B82AFB621100A52469 /* NSString+Size.m */,
				D258B3B92AFB621100A52469 /* UIView+Radius.m */,
				D258B3BA2AFB621100A52469 /* UITableView+SIMScrollToBottom.m */,
				D258B3BB2AFB621100A52469 /* UIView+CustomCorner.h */,
			);
			path = Categories;
			sourceTree = "<group>";
		};
		D258B4312AFB62DB00A52469 /* Config */ = {
			isa = PBXGroup;
			children = (
				D258B4322AFB62DB00A52469 /* ConfigSwift */,
				D258B4342AFB62DB00A52469 /* SIMEnumClass.h */,
				D258B4352AFB62DB00A52469 /* SIMAppKeyDefine.h */,
				D258B4362AFB62DB00A52469 /* SIMInterface.h */,
				D258B4372AFB62DB00A52469 /* SIMNotificationDefine.h */,
				D258B4382AFB62DB00A52469 /* SIMCustomDefine.h */,
			);
			path = Config;
			sourceTree = "<group>";
		};
		D258B4322AFB62DB00A52469 /* ConfigSwift */ = {
			isa = PBXGroup;
			children = (
				D258B4332AFB62DB00A52469 /* SIMCustomDefineSwift.swift */,
			);
			path = ConfigSwift;
			sourceTree = "<group>";
		};
		D2C3AA142AE6258500E3986A /* 14567 */ = {
			isa = PBXGroup;
			children = (
				D2C3AA152AE6267C00E3986A /* LangPlaygroundVC.h */,
				D2C3AA162AE6267C00E3986A /* LangPlaygroundVC.m */,
				D27AC7292AE8FB8A007644ED /* SIMSelectedLanguageViewController.h */,
				D27AC72A2AE8FB8A007644ED /* SIMSelectedLanguageViewController.m */,
				D2034FB52AF3775B00B4444C /* SIMSwitchLocationContentViewController.h */,
				D2034FB62AF3775B00B4444C /* SIMSwitchLocationContentViewController.m */,
			);
			path = 14567;
			sourceTree = "<group>";
		};
/* End PBXGroup section */

/* Begin PBXNativeTarget section */
		D21763D8288901EF004A399E /* ObjcProvingground */ = {
			isa = PBXNativeTarget;
			buildConfigurationList = D217640B288901F0004A399E /* Build configuration list for PBXNativeTarget "ObjcProvingground" */;
			buildPhases = (
				5B30A467372BDFD3F6BE855D /* [CP] Check Pods Manifest.lock */,
				D21763D5288901EF004A399E /* Sources */,
				D21763D6288901EF004A399E /* Frameworks */,
				D21763D7288901EF004A399E /* Resources */,
				94B04EBD441AA231097E1EFB /* [CP] Embed Pods Frameworks */,
			);
			buildRules = (
			);
			dependencies = (
			);
			name = ObjcProvingground;
			productName = ObjcProvingground;
			productReference = D21763D9288901EF004A399E /* ObjcProvingground.app */;
			productType = "com.apple.product-type.application";
		};
		D21763F6288901F0004A399E /* ObjcProvinggroundTests */ = {
			isa = PBXNativeTarget;
			buildConfigurationList = D217640E288901F0004A399E /* Build configuration list for PBXNativeTarget "ObjcProvinggroundTests" */;
			buildPhases = (
				52065DB3FB3EE4CB2E4EC972 /* [CP] Check Pods Manifest.lock */,
				D21763F3288901F0004A399E /* Sources */,
				D21763F4288901F0004A399E /* Frameworks */,
				D21763F5288901F0004A399E /* Resources */,
				FBAC5B6BB16DBABE2318FC79 /* [CP] Embed Pods Frameworks */,
			);
			buildRules = (
			);
			dependencies = (
				D21763F9288901F0004A399E /* PBXTargetDependency */,
			);
			name = ObjcProvinggroundTests;
			productName = ObjcProvinggroundTests;
			productReference = D21763F7288901F0004A399E /* ObjcProvinggroundTests.xctest */;
			productType = "com.apple.product-type.bundle.unit-test";
		};
		D2176400288901F0004A399E /* ObjcProvinggroundUITests */ = {
			isa = PBXNativeTarget;
			buildConfigurationList = D2176411288901F0004A399E /* Build configuration list for PBXNativeTarget "ObjcProvinggroundUITests" */;
			buildPhases = (
				9D0AE25B61AD7C108B56BBE8 /* [CP] Check Pods Manifest.lock */,
				D21763FD288901F0004A399E /* Sources */,
				D21763FE288901F0004A399E /* Frameworks */,
				D21763FF288901F0004A399E /* Resources */,
				967FCA70F840A102FC118173 /* [CP] Embed Pods Frameworks */,
			);
			buildRules = (
			);
			dependencies = (
				D2176403288901F0004A399E /* PBXTargetDependency */,
			);
			name = ObjcProvinggroundUITests;
			productName = ObjcProvinggroundUITests;
			productReference = D2176401288901F0004A399E /* ObjcProvinggroundUITests.xctest */;
			productType = "com.apple.product-type.bundle.ui-testing";
		};
/* End PBXNativeTarget section */

/* Begin PBXProject section */
		D21763D1288901EF004A399E /* Project object */ = {
			isa = PBXProject;
			attributes = {
				BuildIndependentTargetsInParallel = 1;
				LastUpgradeCheck = 1320;
				TargetAttributes = {
					D21763D8288901EF004A399E = {
						CreatedOnToolsVersion = 13.2.1;
					};
					D21763F6288901F0004A399E = {
						CreatedOnToolsVersion = 13.2.1;
						TestTargetID = D21763D8288901EF004A399E;
					};
					D2176400288901F0004A399E = {
						CreatedOnToolsVersion = 13.2.1;
						TestTargetID = D21763D8288901EF004A399E;
					};
				};
			};
			buildConfigurationList = D21763D4288901EF004A399E /* Build configuration list for PBXProject "ObjcProvingground" */;
			compatibilityVersion = "Xcode 13.0";
			developmentRegion = en;
			hasScannedForEncodings = 0;
			knownRegions = (
				en,
				Base,
				ko,
				ja,
				"zh-Hans",
				vi,
				th,
				"zh-Hant",
			);
			mainGroup = D21763D0288901EF004A399E;
			productRefGroup = D21763DA288901EF004A399E /* Products */;
			projectDirPath = "";
			projectRoot = "";
			targets = (
				D21763D8288901EF004A399E /* ObjcProvingground */,
				D21763F6288901F0004A399E /* ObjcProvinggroundTests */,
				D2176400288901F0004A399E /* ObjcProvinggroundUITests */,
			);
		};
/* End PBXProject section */

/* Begin PBXResourcesBuildPhase section */
		D21763D7288901EF004A399E /* Resources */ = {
			isa = PBXResourcesBuildPhase;
			buildActionMask = 2147483647;
			files = (
				D21763EF288901F0004A399E /* LaunchScreen.storyboard in Resources */,
				D2CD4DFC2AFCAC220038F62B /* SIMLocalizable.strings in Resources */,
				D21763EC288901F0004A399E /* Assets.xcassets in Resources */,
				D21763E7288901EF004A399E /* Main.storyboard in Resources */,
			);
			runOnlyForDeploymentPostprocessing = 0;
		};
		D21763F5288901F0004A399E /* Resources */ = {
			isa = PBXResourcesBuildPhase;
			buildActionMask = 2147483647;
			files = (
				D2CD4DFD2AFCAC220038F62B /* SIMLocalizable.strings in Resources */,
			);
			runOnlyForDeploymentPostprocessing = 0;
		};
		D21763FF288901F0004A399E /* Resources */ = {
			isa = PBXResourcesBuildPhase;
			buildActionMask = 2147483647;
			files = (
				D2CD4DFE2AFCAC220038F62B /* SIMLocalizable.strings in Resources */,
			);
			runOnlyForDeploymentPostprocessing = 0;
		};
/* End PBXResourcesBuildPhase section */

/* Begin PBXShellScriptBuildPhase section */
		52065DB3FB3EE4CB2E4EC972 /* [CP] Check Pods Manifest.lock */ = {
			isa = PBXShellScriptBuildPhase;
			buildActionMask = 2147483647;
			files = (
			);
			inputFileListPaths = (
			);
			inputPaths = (
				"${PODS_PODFILE_DIR_PATH}/Podfile.lock",
				"${PODS_ROOT}/Manifest.lock",
			);
			name = "[CP] Check Pods Manifest.lock";
			outputFileListPaths = (
			);
			outputPaths = (
				"$(DERIVED_FILE_DIR)/Pods-ObjcProvinggroundTests-checkManifestLockResult.txt",
			);
			runOnlyForDeploymentPostprocessing = 0;
			shellPath = /bin/sh;
			shellScript = "diff \"${PODS_PODFILE_DIR_PATH}/Podfile.lock\" \"${PODS_ROOT}/Manifest.lock\" > /dev/null\nif [ $? != 0 ] ; then\n    # print error to STDERR\n    echo \"error: The sandbox is not in sync with the Podfile.lock. Run 'pod install' or update your CocoaPods installation.\" >&2\n    exit 1\nfi\n# This output is used by Xcode 'outputs' to avoid re-running this script phase.\necho \"SUCCESS\" > \"${SCRIPT_OUTPUT_FILE_0}\"\n";
			showEnvVarsInLog = 0;
		};
		5B30A467372BDFD3F6BE855D /* [CP] Check Pods Manifest.lock */ = {
			isa = PBXShellScriptBuildPhase;
			buildActionMask = 2147483647;
			files = (
			);
			inputFileListPaths = (
			);
			inputPaths = (
				"${PODS_PODFILE_DIR_PATH}/Podfile.lock",
				"${PODS_ROOT}/Manifest.lock",
			);
			name = "[CP] Check Pods Manifest.lock";
			outputFileListPaths = (
			);
			outputPaths = (
				"$(DERIVED_FILE_DIR)/Pods-ObjcProvingground-checkManifestLockResult.txt",
			);
			runOnlyForDeploymentPostprocessing = 0;
			shellPath = /bin/sh;
			shellScript = "diff \"${PODS_PODFILE_DIR_PATH}/Podfile.lock\" \"${PODS_ROOT}/Manifest.lock\" > /dev/null\nif [ $? != 0 ] ; then\n    # print error to STDERR\n    echo \"error: The sandbox is not in sync with the Podfile.lock. Run 'pod install' or update your CocoaPods installation.\" >&2\n    exit 1\nfi\n# This output is used by Xcode 'outputs' to avoid re-running this script phase.\necho \"SUCCESS\" > \"${SCRIPT_OUTPUT_FILE_0}\"\n";
			showEnvVarsInLog = 0;
		};
		94B04EBD441AA231097E1EFB /* [CP] Embed Pods Frameworks */ = {
			isa = PBXShellScriptBuildPhase;
			buildActionMask = 2147483647;
			files = (
			);
			inputFileListPaths = (
				"${PODS_ROOT}/Target Support Files/Pods-ObjcProvingground/Pods-ObjcProvingground-frameworks-${CONFIGURATION}-input-files.xcfilelist",
			);
			name = "[CP] Embed Pods Frameworks";
			outputFileListPaths = (
				"${PODS_ROOT}/Target Support Files/Pods-ObjcProvingground/Pods-ObjcProvingground-frameworks-${CONFIGURATION}-output-files.xcfilelist",
			);
			runOnlyForDeploymentPostprocessing = 0;
			shellPath = /bin/sh;
			shellScript = "\"${PODS_ROOT}/Target Support Files/Pods-ObjcProvingground/Pods-ObjcProvingground-frameworks.sh\"\n";
			showEnvVarsInLog = 0;
		};
		967FCA70F840A102FC118173 /* [CP] Embed Pods Frameworks */ = {
			isa = PBXShellScriptBuildPhase;
			buildActionMask = 2147483647;
			files = (
			);
			inputFileListPaths = (
				"${PODS_ROOT}/Target Support Files/Pods-ObjcProvingground-ObjcProvinggroundUITests/Pods-ObjcProvingground-ObjcProvinggroundUITests-frameworks-${CONFIGURATION}-input-files.xcfilelist",
			);
			name = "[CP] Embed Pods Frameworks";
			outputFileListPaths = (
				"${PODS_ROOT}/Target Support Files/Pods-ObjcProvingground-ObjcProvinggroundUITests/Pods-ObjcProvingground-ObjcProvinggroundUITests-frameworks-${CONFIGURATION}-output-files.xcfilelist",
			);
			runOnlyForDeploymentPostprocessing = 0;
			shellPath = /bin/sh;
			shellScript = "\"${PODS_ROOT}/Target Support Files/Pods-ObjcProvingground-ObjcProvinggroundUITests/Pods-ObjcProvingground-ObjcProvinggroundUITests-frameworks.sh\"\n";
			showEnvVarsInLog = 0;
		};
		9D0AE25B61AD7C108B56BBE8 /* [CP] Check Pods Manifest.lock */ = {
			isa = PBXShellScriptBuildPhase;
			buildActionMask = 2147483647;
			files = (
			);
			inputFileListPaths = (
			);
			inputPaths = (
				"${PODS_PODFILE_DIR_PATH}/Podfile.lock",
				"${PODS_ROOT}/Manifest.lock",
			);
			name = "[CP] Check Pods Manifest.lock";
			outputFileListPaths = (
			);
			outputPaths = (
				"$(DERIVED_FILE_DIR)/Pods-ObjcProvingground-ObjcProvinggroundUITests-checkManifestLockResult.txt",
			);
			runOnlyForDeploymentPostprocessing = 0;
			shellPath = /bin/sh;
			shellScript = "diff \"${PODS_PODFILE_DIR_PATH}/Podfile.lock\" \"${PODS_ROOT}/Manifest.lock\" > /dev/null\nif [ $? != 0 ] ; then\n    # print error to STDERR\n    echo \"error: The sandbox is not in sync with the Podfile.lock. Run 'pod install' or update your CocoaPods installation.\" >&2\n    exit 1\nfi\n# This output is used by Xcode 'outputs' to avoid re-running this script phase.\necho \"SUCCESS\" > \"${SCRIPT_OUTPUT_FILE_0}\"\n";
			showEnvVarsInLog = 0;
		};
		FBAC5B6BB16DBABE2318FC79 /* [CP] Embed Pods Frameworks */ = {
			isa = PBXShellScriptBuildPhase;
			buildActionMask = 2147483647;
			files = (
			);
			inputFileListPaths = (
				"${PODS_ROOT}/Target Support Files/Pods-ObjcProvinggroundTests/Pods-ObjcProvinggroundTests-frameworks-${CONFIGURATION}-input-files.xcfilelist",
			);
			name = "[CP] Embed Pods Frameworks";
			outputFileListPaths = (
				"${PODS_ROOT}/Target Support Files/Pods-ObjcProvinggroundTests/Pods-ObjcProvinggroundTests-frameworks-${CONFIGURATION}-output-files.xcfilelist",
			);
			runOnlyForDeploymentPostprocessing = 0;
			shellPath = /bin/sh;
			shellScript = "\"${PODS_ROOT}/Target Support Files/Pods-ObjcProvinggroundTests/Pods-ObjcProvinggroundTests-frameworks.sh\"\n";
			showEnvVarsInLog = 0;
		};
/* End PBXShellScriptBuildPhase section */

/* Begin PBXSourcesBuildPhase section */
		D21763D5288901EF004A399E /* Sources */ = {
			isa = PBXSourcesBuildPhase;
			buildActionMask = 2147483647;
			files = (
				D258B43D2AFB66C000A52469 /* ObjcProvingground-Bridging-Header.h in Sources */,
				D258B36D2AFB5FE300A52469 /* YYxTransferBankVC.m in Sources */,
				D258B4192AFB621100A52469 /* UIColor+FlatUI.m in Sources */,
				D21763F2288901F0004A399E /* main.m in Sources */,
				D258B3BF2AFB621100A52469 /* UILabel+LCreate.m in Sources */,
				D258B4072AFB621100A52469 /* UIViewController+LNavigationBarHidden.m in Sources */,
				D258B3E02AFB621100A52469 /* NSData+SIMKit.m in Sources */,
				D21763EA288901EF004A399E /* ObjcProvingground.xcdatamodeld in Sources */,
				D21763E4288901EF004A399E /* ViewController.m in Sources */,
				D258B4012AFB621100A52469 /* NSDate+Extention.m in Sources */,
				D27AC72B2AE8FB8A007644ED /* SIMSelectedLanguageViewController.m in Sources */,
				D258B3CB2AFB621100A52469 /* UIView+Border.m in Sources */,
				D258B3E32AFB621100A52469 /* UIView+CustomCorner.m in Sources */,
				D258B4132AFB621100A52469 /* UIImage+Color.m in Sources */,
				D258B4282AFB621100A52469 /* NSString+Size.m in Sources */,
				D258B3FE2AFB621100A52469 /* UILabelAdditions.m in Sources */,
				D258B4042AFB621100A52469 /* NSString+md5.m in Sources */,
				D258B40D2AFB621100A52469 /* UIButton+Extension.m in Sources */,
				D258B3F52AFB621100A52469 /* NSJSONSerialization+SIMSpecialCharacters.m in Sources */,
				D258B3C52AFB621100A52469 /* UIImage+FlatUI.m in Sources */,
				D258B3E62AFB621100A52469 /* UIViewController+Pop.swift in Sources */,
				D258B3DA2AFB621100A52469 /* UITextField+LCreate.m in Sources */,
				D258B3D72AFB621100A52469 /* UIScrollView+TZGestureRecognizer.m in Sources */,
				D258B4102AFB621100A52469 /* UIButton+SIMUIButton.m in Sources */,
				D258B4252AFB621100A52469 /* UIImage+SIMKit.m in Sources */,
				D258B41C2AFB621100A52469 /* UIImage+ImageSize.m in Sources */,
				D258B4392AFB62DB00A52469 /* SIMCustomDefineSwift.swift in Sources */,
				D2CD4D8B2AFCA41E0038F62B /* LanguageManager.swift in Sources */,
				D258B4222AFB621100A52469 /* UIDevice+SIMDevice.m in Sources */,
				D2C3AA172AE6267C00E3986A /* LangPlaygroundVC.m in Sources */,
				D258B42B2AFB621100A52469 /* UIView+Radius.m in Sources */,
				D258B3BC2AFB621100A52469 /* NSCalendar+ZIKTheDayBeforeYesterDay.m in Sources */,
				D258B3FB2AFB621100A52469 /* NSString+Date.m in Sources */,
				D2034FB72AF3775B00B4444C /* SIMSwitchLocationContentViewController.m in Sources */,
				D258B40A2AFB621100A52469 /* UIImage+SIMResize.m in Sources */,
				D258B3DD2AFB621100A52469 /* UIImage+Extension.m in Sources */,
				D258B41F2AFB621100A52469 /* NSDictionary+safeDictionary.m in Sources */,
				D21763DE288901EF004A399E /* AppDelegate.m in Sources */,
				D258B42E2AFB621100A52469 /* UITableView+SIMScrollToBottom.m in Sources */,
				D258B3EC2AFB621100A52469 /* NSString+SIMKit.m in Sources */,
				D258B3D12AFB621100A52469 /* UIView+Frame.m in Sources */,
				D258B3C22AFB621100A52469 /* UIButton+ZIKEnlargeTouchArea.m in Sources */,
				D258B3F82AFB621100A52469 /* NSString+Extension.m in Sources */,
				D258B3EF2AFB621100A52469 /* UIButton+LCreate.m in Sources */,
				D258B4162AFB621100A52469 /* UIView+ITTAdditions.m in Sources */,
				D258B3E92AFB621100A52469 /* UIImage+GradientColor.swift in Sources */,
				D258B3D42AFB621100A52469 /* UIAlertController+Autorotate.m in Sources */,
				D21763E1288901EF004A399E /* SceneDelegate.m in Sources */,
			);
			runOnlyForDeploymentPostprocessing = 0;
		};
		D21763F3288901F0004A399E /* Sources */ = {
			isa = PBXSourcesBuildPhase;
			buildActionMask = 2147483647;
			files = (
				D258B3FC2AFB621100A52469 /* NSString+Date.m in Sources */,
				D258B4052AFB621100A52469 /* NSString+md5.m in Sources */,
				D258B3E12AFB621100A52469 /* NSData+SIMKit.m in Sources */,
				D258B43A2AFB62DB00A52469 /* SIMCustomDefineSwift.swift in Sources */,
				D258B4172AFB621100A52469 /* UIView+ITTAdditions.m in Sources */,
				D258B3C02AFB621100A52469 /* UILabel+LCreate.m in Sources */,
				D258B3D52AFB621100A52469 /* UIAlertController+Autorotate.m in Sources */,
				D258B4202AFB621100A52469 /* NSDictionary+safeDictionary.m in Sources */,
				D258B4142AFB621100A52469 /* UIImage+Color.m in Sources */,
				D258B3BD2AFB621100A52469 /* NSCalendar+ZIKTheDayBeforeYesterDay.m in Sources */,
				D258B4292AFB621100A52469 /* NSString+Size.m in Sources */,
				D258B4262AFB621100A52469 /* UIImage+SIMKit.m in Sources */,
				D258B4022AFB621100A52469 /* NSDate+Extention.m in Sources */,
				D258B3F92AFB621100A52469 /* NSString+Extension.m in Sources */,
				D258B42F2AFB621100A52469 /* UITableView+SIMScrollToBottom.m in Sources */,
				D258B3D22AFB621100A52469 /* UIView+Frame.m in Sources */,
				D258B40E2AFB621100A52469 /* UIButton+Extension.m in Sources */,
				D258B3D82AFB621100A52469 /* UIScrollView+TZGestureRecognizer.m in Sources */,
				D258B3C62AFB621100A52469 /* UIImage+FlatUI.m in Sources */,
				D258B4082AFB621100A52469 /* UIViewController+LNavigationBarHidden.m in Sources */,
				D258B3F62AFB621100A52469 /* NSJSONSerialization+SIMSpecialCharacters.m in Sources */,
				D258B3CC2AFB621100A52469 /* UIView+Border.m in Sources */,
				D258B3EA2AFB621100A52469 /* UIImage+GradientColor.swift in Sources */,
				D258B40B2AFB621100A52469 /* UIImage+SIMResize.m in Sources */,
				D258B3DE2AFB621100A52469 /* UIImage+Extension.m in Sources */,
				D258B41D2AFB621100A52469 /* UIImage+ImageSize.m in Sources */,
				D258B4112AFB621100A52469 /* UIButton+SIMUIButton.m in Sources */,
				D258B3E42AFB621100A52469 /* UIView+CustomCorner.m in Sources */,
				D258B3F02AFB621100A52469 /* UIButton+LCreate.m in Sources */,
				D258B3FF2AFB621100A52469 /* UILabelAdditions.m in Sources */,
				D258B4232AFB621100A52469 /* UIDevice+SIMDevice.m in Sources */,
				D258B3E72AFB621100A52469 /* UIViewController+Pop.swift in Sources */,
				D258B3C32AFB621100A52469 /* UIButton+ZIKEnlargeTouchArea.m in Sources */,
				D258B41A2AFB621100A52469 /* UIColor+FlatUI.m in Sources */,
				D258B42C2AFB621100A52469 /* UIView+Radius.m in Sources */,
				D258B3DB2AFB621100A52469 /* UITextField+LCreate.m in Sources */,
				D258B3ED2AFB621100A52469 /* NSString+SIMKit.m in Sources */,
				D21763FC288901F0004A399E /* ObjcProvinggroundTests.m in Sources */,
				D2CD4D8C2AFCA41E0038F62B /* LanguageManager.swift in Sources */,
			);
			runOnlyForDeploymentPostprocessing = 0;
		};
		D21763FD288901F0004A399E /* Sources */ = {
			isa = PBXSourcesBuildPhase;
			buildActionMask = 2147483647;
			files = (
				D258B3C72AFB621100A52469 /* UIImage+FlatUI.m in Sources */,
				D258B42A2AFB621100A52469 /* NSString+Size.m in Sources */,
				D258B3DF2AFB621100A52469 /* UIImage+Extension.m in Sources */,
				D258B3BE2AFB621100A52469 /* NSCalendar+ZIKTheDayBeforeYesterDay.m in Sources */,
				D258B41E2AFB621100A52469 /* UIImage+ImageSize.m in Sources */,
				D258B4092AFB621100A52469 /* UIViewController+LNavigationBarHidden.m in Sources */,
				D258B3DC2AFB621100A52469 /* UITextField+LCreate.m in Sources */,
				D258B3EE2AFB621100A52469 /* NSString+SIMKit.m in Sources */,
				D258B4212AFB621100A52469 /* NSDictionary+safeDictionary.m in Sources */,
				D258B3E22AFB621100A52469 /* NSData+SIMKit.m in Sources */,
				D258B4002AFB621100A52469 /* UILabelAdditions.m in Sources */,
				D258B4302AFB621100A52469 /* UITableView+SIMScrollToBottom.m in Sources */,
				D258B3C12AFB621100A52469 /* UILabel+LCreate.m in Sources */,
				D2176406288901F0004A399E /* ObjcProvinggroundUITests.m in Sources */,
				D258B3E82AFB621100A52469 /* UIViewController+Pop.swift in Sources */,
				D258B4032AFB621100A52469 /* NSDate+Extention.m in Sources */,
				D258B3EB2AFB621100A52469 /* UIImage+GradientColor.swift in Sources */,
				D258B4272AFB621100A52469 /* UIImage+SIMKit.m in Sources */,
				D258B3E52AFB621100A52469 /* UIView+CustomCorner.m in Sources */,
				D258B3FA2AFB621100A52469 /* NSString+Extension.m in Sources */,
				D258B3CD2AFB621100A52469 /* UIView+Border.m in Sources */,
				D258B4122AFB621100A52469 /* UIButton+SIMUIButton.m in Sources */,
				D258B3C42AFB621100A52469 /* UIButton+ZIKEnlargeTouchArea.m in Sources */,
				D258B41B2AFB621100A52469 /* UIColor+FlatUI.m in Sources */,
				D2176408288901F0004A399E /* ObjcProvinggroundUITestsLaunchTests.m in Sources */,
				D258B4152AFB621100A52469 /* UIImage+Color.m in Sources */,
				D258B40C2AFB621100A52469 /* UIImage+SIMResize.m in Sources */,
				D258B3D62AFB621100A52469 /* UIAlertController+Autorotate.m in Sources */,
				D258B3D92AFB621100A52469 /* UIScrollView+TZGestureRecognizer.m in Sources */,
				D2CD4D8D2AFCA41E0038F62B /* LanguageManager.swift in Sources */,
				D258B3FD2AFB621100A52469 /* NSString+Date.m in Sources */,
				D258B4182AFB621100A52469 /* UIView+ITTAdditions.m in Sources */,
				D258B3D32AFB621100A52469 /* UIView+Frame.m in Sources */,
				D258B40F2AFB621100A52469 /* UIButton+Extension.m in Sources */,
				D258B3F72AFB621100A52469 /* NSJSONSerialization+SIMSpecialCharacters.m in Sources */,
				D258B4062AFB621100A52469 /* NSString+md5.m in Sources */,
				D258B3F12AFB621100A52469 /* UIButton+LCreate.m in Sources */,
				D258B4242AFB621100A52469 /* UIDevice+SIMDevice.m in Sources */,
				D258B42D2AFB621100A52469 /* UIView+Radius.m in Sources */,
				D258B43B2AFB62DB00A52469 /* SIMCustomDefineSwift.swift in Sources */,
			);
			runOnlyForDeploymentPostprocessing = 0;
		};
/* End PBXSourcesBuildPhase section */

/* Begin PBXTargetDependency section */
		D21763F9288901F0004A399E /* PBXTargetDependency */ = {
			isa = PBXTargetDependency;
			target = D21763D8288901EF004A399E /* ObjcProvingground */;
			targetProxy = D21763F8288901F0004A399E /* PBXContainerItemProxy */;
		};
		D2176403288901F0004A399E /* PBXTargetDependency */ = {
			isa = PBXTargetDependency;
			target = D21763D8288901EF004A399E /* ObjcProvingground */;
			targetProxy = D2176402288901F0004A399E /* PBXContainerItemProxy */;
		};
/* End PBXTargetDependency section */

/* Begin PBXVariantGroup section */
		D21763E5288901EF004A399E /* Main.storyboard */ = {
			isa = PBXVariantGroup;
			children = (
				D21763E6288901EF004A399E /* Base */,
			);
			name = Main.storyboard;
			sourceTree = "<group>";
		};
		D21763ED288901F0004A399E /* LaunchScreen.storyboard */ = {
			isa = PBXVariantGroup;
			children = (
				D21763EE288901F0004A399E /* Base */,
			);
			name = LaunchScreen.storyboard;
			sourceTree = "<group>";
		};
		D2CD4E002AFCAC220038F62B /* SIMLocalizable.strings */ = {
			isa = PBXVariantGroup;
			children = (
				D2CD4DFF2AFCAC220038F62B /* en */,
				D2CD4E012AFCAC270038F62B /* zh-Hans */,
				D2CD4E022AFCAC2B0038F62B /* zh-Hant */,
				D2CD4E032AFCAC2C0038F62B /* ja */,
				D2CD4E042AFCAC2D0038F62B /* ko */,
				D2CD4E052AFCAC2E0038F62B /* th */,
				D2CD4E062AFCAC300038F62B /* vi */,
			);
			name = SIMLocalizable.strings;
			sourceTree = "<group>";
		};
/* End PBXVariantGroup section */

/* Begin XCBuildConfiguration section */
		D2176409288901F0004A399E /* Debug */ = {
			isa = XCBuildConfiguration;
			buildSettings = {
				ALWAYS_SEARCH_USER_PATHS = NO;
				CLANG_ANALYZER_NONNULL = YES;
				CLANG_ANALYZER_NUMBER_OBJECT_CONVERSION = YES_AGGRESSIVE;
				CLANG_CXX_LANGUAGE_STANDARD = "gnu++17";
				CLANG_CXX_LIBRARY = "libc++";
				CLANG_ENABLE_MODULES = YES;
				CLANG_ENABLE_OBJC_ARC = YES;
				CLANG_ENABLE_OBJC_WEAK = YES;
				CLANG_WARN_BLOCK_CAPTURE_AUTORELEASING = YES;
				CLANG_WARN_BOOL_CONVERSION = YES;
				CLANG_WARN_COMMA = YES;
				CLANG_WARN_CONSTANT_CONVERSION = YES;
				CLANG_WARN_DEPRECATED_OBJC_IMPLEMENTATIONS = YES;
				CLANG_WARN_DIRECT_OBJC_ISA_USAGE = YES_ERROR;
				CLANG_WARN_DOCUMENTATION_COMMENTS = YES;
				CLANG_WARN_EMPTY_BODY = YES;
				CLANG_WARN_ENUM_CONVERSION = YES;
				CLANG_WARN_INFINITE_RECURSION = YES;
				CLANG_WARN_INT_CONVERSION = YES;
				CLANG_WARN_NON_LITERAL_NULL_CONVERSION = YES;
				CLANG_WARN_OBJC_IMPLICIT_RETAIN_SELF = YES;
				CLANG_WARN_OBJC_LITERAL_CONVERSION = YES;
				CLANG_WARN_OBJC_ROOT_CLASS = YES_ERROR;
				CLANG_WARN_QUOTED_INCLUDE_IN_FRAMEWORK_HEADER = YES;
				CLANG_WARN_RANGE_LOOP_ANALYSIS = YES;
				CLANG_WARN_STRICT_PROTOTYPES = YES;
				CLANG_WARN_SUSPICIOUS_MOVE = YES;
				CLANG_WARN_UNGUARDED_AVAILABILITY = YES_AGGRESSIVE;
				CLANG_WARN_UNREACHABLE_CODE = YES;
				CLANG_WARN__DUPLICATE_METHOD_MATCH = YES;
				COPY_PHASE_STRIP = NO;
				DEBUG_INFORMATION_FORMAT = dwarf;
				ENABLE_STRICT_OBJC_MSGSEND = YES;
				ENABLE_TESTABILITY = YES;
				GCC_C_LANGUAGE_STANDARD = gnu11;
				GCC_DYNAMIC_NO_PIC = NO;
				GCC_NO_COMMON_BLOCKS = YES;
				GCC_OPTIMIZATION_LEVEL = 0;
				GCC_PREFIX_HEADER = /Users/qw/YYx/ObjcProvingground/PrefixHeader.pch;
				GCC_PREPROCESSOR_DEFINITIONS = (
					"DEBUG=1",
					"$(inherited)",
				);
				GCC_WARN_64_TO_32_BIT_CONVERSION = YES;
				GCC_WARN_ABOUT_RETURN_TYPE = YES_ERROR;
				GCC_WARN_UNDECLARED_SELECTOR = YES;
				GCC_WARN_UNINITIALIZED_AUTOS = YES_AGGRESSIVE;
				GCC_WARN_UNUSED_FUNCTION = YES;
				GCC_WARN_UNUSED_VARIABLE = YES;
				IPHONEOS_DEPLOYMENT_TARGET = 15.2;
				MTL_ENABLE_DEBUG_INFO = INCLUDE_SOURCE;
				MTL_FAST_MATH = YES;
				ONLY_ACTIVE_ARCH = YES;
				SDKROOT = iphoneos;
			};
			name = Debug;
		};
		D217640A288901F0004A399E /* Release */ = {
			isa = XCBuildConfiguration;
			buildSettings = {
				ALWAYS_SEARCH_USER_PATHS = NO;
				CLANG_ANALYZER_NONNULL = YES;
				CLANG_ANALYZER_NUMBER_OBJECT_CONVERSION = YES_AGGRESSIVE;
				CLANG_CXX_LANGUAGE_STANDARD = "gnu++17";
				CLANG_CXX_LIBRARY = "libc++";
				CLANG_ENABLE_MODULES = YES;
				CLANG_ENABLE_OBJC_ARC = YES;
				CLANG_ENABLE_OBJC_WEAK = YES;
				CLANG_WARN_BLOCK_CAPTURE_AUTORELEASING = YES;
				CLANG_WARN_BOOL_CONVERSION = YES;
				CLANG_WARN_COMMA = YES;
				CLANG_WARN_CONSTANT_CONVERSION = YES;
				CLANG_WARN_DEPRECATED_OBJC_IMPLEMENTATIONS = YES;
				CLANG_WARN_DIRECT_OBJC_ISA_USAGE = YES_ERROR;
				CLANG_WARN_DOCUMENTATION_COMMENTS = YES;
				CLANG_WARN_EMPTY_BODY = YES;
				CLANG_WARN_ENUM_CONVERSION = YES;
				CLANG_WARN_INFINITE_RECURSION = YES;
				CLANG_WARN_INT_CONVERSION = YES;
				CLANG_WARN_NON_LITERAL_NULL_CONVERSION = YES;
				CLANG_WARN_OBJC_IMPLICIT_RETAIN_SELF = YES;
				CLANG_WARN_OBJC_LITERAL_CONVERSION = YES;
				CLANG_WARN_OBJC_ROOT_CLASS = YES_ERROR;
				CLANG_WARN_QUOTED_INCLUDE_IN_FRAMEWORK_HEADER = YES;
				CLANG_WARN_RANGE_LOOP_ANALYSIS = YES;
				CLANG_WARN_STRICT_PROTOTYPES = YES;
				CLANG_WARN_SUSPICIOUS_MOVE = YES;
				CLANG_WARN_UNGUARDED_AVAILABILITY = YES_AGGRESSIVE;
				CLANG_WARN_UNREACHABLE_CODE = YES;
				CLANG_WARN__DUPLICATE_METHOD_MATCH = YES;
				COPY_PHASE_STRIP = NO;
				DEBUG_INFORMATION_FORMAT = "dwarf-with-dsym";
				ENABLE_NS_ASSERTIONS = NO;
				ENABLE_STRICT_OBJC_MSGSEND = YES;
				GCC_C_LANGUAGE_STANDARD = gnu11;
				GCC_NO_COMMON_BLOCKS = YES;
				GCC_WARN_64_TO_32_BIT_CONVERSION = YES;
				GCC_WARN_ABOUT_RETURN_TYPE = YES_ERROR;
				GCC_WARN_UNDECLARED_SELECTOR = YES;
				GCC_WARN_UNINITIALIZED_AUTOS = YES_AGGRESSIVE;
				GCC_WARN_UNUSED_FUNCTION = YES;
				GCC_WARN_UNUSED_VARIABLE = YES;
				IPHONEOS_DEPLOYMENT_TARGET = 15.2;
				MTL_ENABLE_DEBUG_INFO = NO;
				MTL_FAST_MATH = YES;
				SDKROOT = iphoneos;
				VALIDATE_PRODUCT = YES;
			};
			name = Release;
		};
		D217640C288901F0004A399E /* Debug */ = {
			isa = XCBuildConfiguration;
			baseConfigurationReference = 34768A022BC76B02D26C1B4A /* Pods-ObjcProvingground.debug.xcconfig */;
			buildSettings = {
				ASSETCATALOG_COMPILER_APPICON_NAME = AppIcon;
				ASSETCATALOG_COMPILER_GLOBAL_ACCENT_COLOR_NAME = AccentColor;
				CODE_SIGN_STYLE = Automatic;
				CURRENT_PROJECT_VERSION = 1;
				DEVELOPMENT_TEAM = 284P2JH7HZ;
				GENERATE_INFOPLIST_FILE = YES;
				INFOPLIST_FILE = ObjcProvingground/Info.plist;
				INFOPLIST_KEY_UIApplicationSupportsIndirectInputEvents = YES;
				INFOPLIST_KEY_UILaunchStoryboardName = LaunchScreen;
				INFOPLIST_KEY_UIMainStoryboardFile = Main;
				INFOPLIST_KEY_UISupportedInterfaceOrientations_iPad = "UIInterfaceOrientationPortrait UIInterfaceOrientationPortraitUpsideDown UIInterfaceOrientationLandscapeLeft UIInterfaceOrientationLandscapeRight";
				INFOPLIST_KEY_UISupportedInterfaceOrientations_iPhone = "UIInterfaceOrientationPortrait UIInterfaceOrientationLandscapeLeft UIInterfaceOrientationLandscapeRight";
				LD_RUNPATH_SEARCH_PATHS = (
					"$(inherited)",
					"@executable_path/Frameworks",
				);
				MARKETING_VERSION = 1.0;
				PRODUCT_BUNDLE_IDENTIFIER = yyx.com.objc.provingground.ObjcProvingground;
				PRODUCT_NAME = "$(TARGET_NAME)";
				SWIFT_EMIT_LOC_STRINGS = YES;
				SWIFT_OBJC_BRIDGING_HEADER = "ObjcProvingground-Bridging-Header.h";
				SWIFT_VERSION = 5.0;
				TARGETED_DEVICE_FAMILY = "1,2";
			};
			name = Debug;
		};
		D217640D288901F0004A399E /* Release */ = {
			isa = XCBuildConfiguration;
			baseConfigurationReference = 608E71FA97D786068E6986DA /* Pods-ObjcProvingground.release.xcconfig */;
			buildSettings = {
				ASSETCATALOG_COMPILER_APPICON_NAME = AppIcon;
				ASSETCATALOG_COMPILER_GLOBAL_ACCENT_COLOR_NAME = AccentColor;
				CODE_SIGN_STYLE = Automatic;
				CURRENT_PROJECT_VERSION = 1;
				DEVELOPMENT_TEAM = 284P2JH7HZ;
				GENERATE_INFOPLIST_FILE = YES;
				INFOPLIST_FILE = ObjcProvingground/Info.plist;
				INFOPLIST_KEY_UIApplicationSupportsIndirectInputEvents = YES;
				INFOPLIST_KEY_UILaunchStoryboardName = LaunchScreen;
				INFOPLIST_KEY_UIMainStoryboardFile = Main;
				INFOPLIST_KEY_UISupportedInterfaceOrientations_iPad = "UIInterfaceOrientationPortrait UIInterfaceOrientationPortraitUpsideDown UIInterfaceOrientationLandscapeLeft UIInterfaceOrientationLandscapeRight";
				INFOPLIST_KEY_UISupportedInterfaceOrientations_iPhone = "UIInterfaceOrientationPortrait UIInterfaceOrientationLandscapeLeft UIInterfaceOrientationLandscapeRight";
				LD_RUNPATH_SEARCH_PATHS = (
					"$(inherited)",
					"@executable_path/Frameworks",
				);
				MARKETING_VERSION = 1.0;
				PRODUCT_BUNDLE_IDENTIFIER = yyx.com.objc.provingground.ObjcProvingground;
				PRODUCT_NAME = "$(TARGET_NAME)";
				SWIFT_EMIT_LOC_STRINGS = YES;
				SWIFT_OBJC_BRIDGING_HEADER = "ObjcProvingground-Bridging-Header.h";
				SWIFT_VERSION = 5.0;
				TARGETED_DEVICE_FAMILY = "1,2";
			};
			name = Release;
		};
		D217640F288901F0004A399E /* Debug */ = {
			isa = XCBuildConfiguration;
			baseConfigurationReference = 2879B0929259C0AAA6D06990 /* Pods-ObjcProvinggroundTests.debug.xcconfig */;
			buildSettings = {
				ALWAYS_EMBED_SWIFT_STANDARD_LIBRARIES = YES;
				BUNDLE_LOADER = "$(TEST_HOST)";
				CODE_SIGN_STYLE = Automatic;
				CURRENT_PROJECT_VERSION = 1;
				GENERATE_INFOPLIST_FILE = YES;
				IPHONEOS_DEPLOYMENT_TARGET = 15.2;
				MARKETING_VERSION = 1.0;
				PRODUCT_BUNDLE_IDENTIFIER = yyx.com.objc.provingground.ObjcProvinggroundTests;
				PRODUCT_NAME = "$(TARGET_NAME)";
				SWIFT_EMIT_LOC_STRINGS = NO;
				TARGETED_DEVICE_FAMILY = "1,2";
				TEST_HOST = "$(BUILT_PRODUCTS_DIR)/ObjcProvingground.app/ObjcProvingground";
			};
			name = Debug;
		};
		D2176410288901F0004A399E /* Release */ = {
			isa = XCBuildConfiguration;
			baseConfigurationReference = 32375A7D904F42B4600CDB77 /* Pods-ObjcProvinggroundTests.release.xcconfig */;
			buildSettings = {
				ALWAYS_EMBED_SWIFT_STANDARD_LIBRARIES = YES;
				BUNDLE_LOADER = "$(TEST_HOST)";
				CODE_SIGN_STYLE = Automatic;
				CURRENT_PROJECT_VERSION = 1;
				GENERATE_INFOPLIST_FILE = YES;
				IPHONEOS_DEPLOYMENT_TARGET = 15.2;
				MARKETING_VERSION = 1.0;
				PRODUCT_BUNDLE_IDENTIFIER = yyx.com.objc.provingground.ObjcProvinggroundTests;
				PRODUCT_NAME = "$(TARGET_NAME)";
				SWIFT_EMIT_LOC_STRINGS = NO;
				TARGETED_DEVICE_FAMILY = "1,2";
				TEST_HOST = "$(BUILT_PRODUCTS_DIR)/ObjcProvingground.app/ObjcProvingground";
			};
			name = Release;
		};
		D2176412288901F0004A399E /* Debug */ = {
			isa = XCBuildConfiguration;
			baseConfigurationReference = 6594571929B08C27AF3ACFB1 /* Pods-ObjcProvingground-ObjcProvinggroundUITests.debug.xcconfig */;
			buildSettings = {
				ALWAYS_EMBED_SWIFT_STANDARD_LIBRARIES = YES;
				CODE_SIGN_STYLE = Automatic;
				CURRENT_PROJECT_VERSION = 1;
				GENERATE_INFOPLIST_FILE = YES;
				MARKETING_VERSION = 1.0;
				PRODUCT_BUNDLE_IDENTIFIER = yyx.com.objc.provingground.ObjcProvinggroundUITests;
				PRODUCT_NAME = "$(TARGET_NAME)";
				SWIFT_EMIT_LOC_STRINGS = NO;
				TARGETED_DEVICE_FAMILY = "1,2";
				TEST_TARGET_NAME = ObjcProvingground;
			};
			name = Debug;
		};
		D2176413288901F0004A399E /* Release */ = {
			isa = XCBuildConfiguration;
			baseConfigurationReference = 767431B0D452C3E4303C02BC /* Pods-ObjcProvingground-ObjcProvinggroundUITests.release.xcconfig */;
			buildSettings = {
				ALWAYS_EMBED_SWIFT_STANDARD_LIBRARIES = YES;
				CODE_SIGN_STYLE = Automatic;
				CURRENT_PROJECT_VERSION = 1;
				GENERATE_INFOPLIST_FILE = YES;
				MARKETING_VERSION = 1.0;
				PRODUCT_BUNDLE_IDENTIFIER = yyx.com.objc.provingground.ObjcProvinggroundUITests;
				PRODUCT_NAME = "$(TARGET_NAME)";
				SWIFT_EMIT_LOC_STRINGS = NO;
				TARGETED_DEVICE_FAMILY = "1,2";
				TEST_TARGET_NAME = ObjcProvingground;
			};
			name = Release;
		};
/* End XCBuildConfiguration section */

/* Begin XCConfigurationList section */
		D21763D4288901EF004A399E /* Build configuration list for PBXProject "ObjcProvingground" */ = {
			isa = XCConfigurationList;
			buildConfigurations = (
				D2176409288901F0004A399E /* Debug */,
				D217640A288901F0004A399E /* Release */,
			);
			defaultConfigurationIsVisible = 0;
			defaultConfigurationName = Release;
		};
		D217640B288901F0004A399E /* Build configuration list for PBXNativeTarget "ObjcProvingground" */ = {
			isa = XCConfigurationList;
			buildConfigurations = (
				D217640C288901F0004A399E /* Debug */,
				D217640D288901F0004A399E /* Release */,
			);
			defaultConfigurationIsVisible = 0;
			defaultConfigurationName = Release;
		};
		D217640E288901F0004A399E /* Build configuration list for PBXNativeTarget "ObjcProvinggroundTests" */ = {
			isa = XCConfigurationList;
			buildConfigurations = (
				D217640F288901F0004A399E /* Debug */,
				D2176410288901F0004A399E /* Release */,
			);
			defaultConfigurationIsVisible = 0;
			defaultConfigurationName = Release;
		};
		D2176411288901F0004A399E /* Build configuration list for PBXNativeTarget "ObjcProvinggroundUITests" */ = {
			isa = XCConfigurationList;
			buildConfigurations = (
				D2176412288901F0004A399E /* Debug */,
				D2176413288901F0004A399E /* Release */,
			);
			defaultConfigurationIsVisible = 0;
			defaultConfigurationName = Release;
		};
/* End XCConfigurationList section */

/* Begin XCVersionGroup section */
		D21763E8288901EF004A399E /* ObjcProvingground.xcdatamodeld */ = {
			isa = XCVersionGroup;
			children = (
				D21763E9288901EF004A399E /* ObjcProvingground.xcdatamodel */,
			);
			currentVersion = D21763E9288901EF004A399E /* ObjcProvingground.xcdatamodel */;
			path = ObjcProvingground.xcdatamodeld;
			sourceTree = "<group>";
			versionGroupType = wrapper.xcdatamodel;
		};
/* End XCVersionGroup section */
	};
	rootObject = D21763D1288901EF004A399E /* Project object */;
}
